<?xml version="1.0" encoding="utf-8"?>
<Project ToolsVersion="4.0" xmlns="http://schemas.microsoft.com/developer/msbuild/2003">
  <ItemGroup>
    <Filter Include="src">
      <UniqueIdentifier>{f445017c-3c9c-4560-b2ee-adba3a96e215}</UniqueIdentifier>
      <Extensions>cpp;c;cxx;rc;def;r;odl;idl;hpj;bat</Extensions>
    </Filter>
  </ItemGroup>
  <ItemGroup>
    <ClCompile Include="..\..\chipmunk\src\chipmunk.c">
      <Filter>src</Filter>
    </ClCompile>
    <ClCompile Include="..\..\chipmunk\src\cpArbiter.c">
      <Filter>src</Filter>
    </ClCompile>
    <ClCompile Include="..\..\chipmunk\src\cpArray.c">
      <Filter>src</Filter>
    </ClCompile>
    <ClCompile Include="..\..\chipmunk\src\cpBB.c">
      <Filter>src</Filter>
    </ClCompile>
    <ClCompile Include="..\..\chipmunk\src\cpBBTree.c">
      <Filter>src</Filter>
    </ClCompile>
    <ClCompile Include="..\..\chipmunk\src\cpBody.c">
      <Filter>src</Filter>
    </ClCompile>
    <ClCompile Include="..\..\chipmunk\src\cpCollision.c">
      <Filter>src</Filter>
    </ClCompile>
    <ClCompile Include="..\..\chipmunk\src\constraints\cpConstraint.c">
      <Filter>src</Filter>
    </ClCompile>
    <ClCompile Include="..\..\chipmunk\src\constraints\cpDampedRotarySpring.c">
      <Filter>src</Filter>
    </ClCompile>
    <ClCompile Include="..\..\chipmunk\src\constraints\cpDampedSpring.c">
      <Filter>src</Filter>
    </ClCompile>
    <ClCompile Include="..\..\chipmunk\src\constraints\cpGearJoint.c">
      <Filter>src</Filter>
    </ClCompile>
    <ClCompile Include="..\..\chipmunk\src\constraints\cpGrooveJoint.c">
      <Filter>src</Filter>
    </ClCompile>
    <ClCompile Include="..\..\chipmunk\src\cpHashSet.c">
      <Filter>src</Filter>
    </ClCompile>
    <ClCompile Include="..\..\chipmunk\src\constraints\cpPinJoint.c">
      <Filter>src</Filter>
    </ClCompile>
    <ClCompile Include="..\..\chipmunk\src\constraints\cpPivotJoint.c">
      <Filter>src</Filter>
    </ClCompile>
    <ClCompile Include="..\..\chipmunk\src\cpPolyShape.c">
      <Filter>src</Filter>
    </ClCompile>
    <ClCompile Include="..\..\chipmunk\src\constraints\cpRatchetJoint.c">
      <Filter>src</Filter>
    </ClCompile>
    <ClCompile Include="..\..\chipmunk\src\constraints\cpRotaryLimitJoint.c">
      <Filter>src</Filter>
    </ClCompile>
    <ClCompile Include="..\..\chipmunk\src\cpShape.c">
      <Filter>src</Filter>
    </ClCompile>
    <ClCompile Include="..\..\chipmunk\src\constraints\cpSimpleMotor.c">
      <Filter>src</Filter>
    </ClCompile>
    <ClCompile Include="..\..\chipmunk\src\constraints\cpSlideJoint.c">
      <Filter>src</Filter>
    </ClCompile>
    <ClCompile Include="..\..\chipmunk\src\cpSpace.c">
      <Filter>src</Filter>
    </ClCompile>
    <ClCompile Include="..\..\chipmunk\src\cpSpaceComponent.c">
      <Filter>src</Filter>
    </ClCompile>
    <ClCompile Include="..\..\chipmunk\src\cpSpaceHash.c">
      <Filter>src</Filter>
    </ClCompile>
    <ClCompile Include="..\..\chipmunk\src\cpSpaceQuery.c">
      <Filter>src</Filter>
    </ClCompile>
    <ClCompile Include="..\..\chipmunk\src\cpSpaceStep.c">
      <Filter>src</Filter>
    </ClCompile>
    <ClCompile Include="..\..\chipmunk\src\cpSpatialIndex.c">
      <Filter>src</Filter>
    </ClCompile>
    <ClCompile Include="..\..\chipmunk\src\cpSweep1D.c">
      <Filter>src</Filter>
    </ClCompile>
    <ClCompile Include="..\..\chipmunk\src\cpVect.c">
      <Filter>src</Filter>
    </ClCompile>
  </ItemGroup>
  <ItemGroup>
    <ClInclude Include="..\..\chipmunk\src\prime.h">
      <Filter>src</Filter>
    </ClInclude>
    <ClInclude Include="..\..\chipmunk\include\chipmunk\chipmunk.h" />
    <ClInclude Include="..\..\chipmunk\include\chipmunk\chipmunk_ffi.h" />
    <ClInclude Include="..\..\chipmunk\include\chipmunk\chipmunk_private.h" />
    <ClInclude Include="..\..\chipmunk\include\chipmunk\chipmunk_types.h" />
    <ClInclude Include="..\..\chipmunk\include\chipmunk\chipmunk_unsafe.h" />
    <ClInclude Include="..\..\chipmunk\include\chipmunk\cpArbiter.h" />
    <ClInclude Include="..\..\chipmunk\include\chipmunk\cpBB.h" />
    <ClInclude Include="..\..\chipmunk\include\chipmunk\cpBody.h" />
    <ClInclude Include="..\..\chipmunk\include\chipmunk\cpPolyShape.h" />
    <ClInclude Include="..\..\chipmunk\include\chipmunk\cpShape.h" />
    <ClInclude Include="..\..\chipmunk\include\chipmunk\cpSpace.h" />
    <ClInclude Include="..\..\chipmunk\include\chipmunk\cpSpatialIndex.h" />
    <ClInclude Include="..\..\chipmunk\include\chipmunk\cpVect.h" />
  </ItemGroup>
</Project>