// !$*UTF8*$!
{
	archiveVersion = 1;
	classes = {
	};
	objectVersion = 46;
	objects = {

/* Begin PBXBuildFile section */
		A47726BA1413D79C006A9887 /* lapi.c in Sources */ = {isa = PBXBuildFile; fileRef = A477268B1413D79C006A9887 /* lapi.c */; };
		A47726BB1413D79C006A9887 /* lapi.h in Headers */ = {isa = PBXBuildFile; fileRef = A477268C1413D79C006A9887 /* lapi.h */; };
		A47726BC1413D79C006A9887 /* lauxlib.c in Sources */ = {isa = PBXBuildFile; fileRef = A477268D1413D79C006A9887 /* lauxlib.c */; };
		A47726BD1413D79C006A9887 /* lauxlib.h in Headers */ = {isa = PBXBuildFile; fileRef = A477268E1413D79C006A9887 /* lauxlib.h */; };
		A47726BE1413D79C006A9887 /* lbaselib.c in Sources */ = {isa = PBXBuildFile; fileRef = A477268F1413D79C006A9887 /* lbaselib.c */; };
		A47726BF1413D79C006A9887 /* lcode.c in Sources */ = {isa = PBXBuildFile; fileRef = A47726901413D79C006A9887 /* lcode.c */; };
		A47726C01413D79C006A9887 /* lcode.h in Headers */ = {isa = PBXBuildFile; fileRef = A47726911413D79C006A9887 /* lcode.h */; };
		A47726C11413D79C006A9887 /* ldblib.c in Sources */ = {isa = PBXBuildFile; fileRef = A47726921413D79C006A9887 /* ldblib.c */; };
		A47726C21413D79C006A9887 /* ldebug.c in Sources */ = {isa = PBXBuildFile; fileRef = A47726931413D79C006A9887 /* ldebug.c */; };
		A47726C31413D79C006A9887 /* ldebug.h in Headers */ = {isa = PBXBuildFile; fileRef = A47726941413D79C006A9887 /* ldebug.h */; };
		A47726C41413D79C006A9887 /* ldo.c in Sources */ = {isa = PBXBuildFile; fileRef = A47726951413D79C006A9887 /* ldo.c */; };
		A47726C51413D79C006A9887 /* ldo.h in Headers */ = {isa = PBXBuildFile; fileRef = A47726961413D79C006A9887 /* ldo.h */; };
		A47726C61413D79C006A9887 /* ldump.c in Sources */ = {isa = PBXBuildFile; fileRef = A47726971413D79C006A9887 /* ldump.c */; };
		A47726C71413D79C006A9887 /* lfunc.c in Sources */ = {isa = PBXBuildFile; fileRef = A47726981413D79C006A9887 /* lfunc.c */; };
		A47726C81413D79C006A9887 /* lfunc.h in Headers */ = {isa = PBXBuildFile; fileRef = A47726991413D79C006A9887 /* lfunc.h */; };
		A47726C91413D79C006A9887 /* lgc.c in Sources */ = {isa = PBXBuildFile; fileRef = A477269A1413D79C006A9887 /* lgc.c */; };
		A47726CA1413D79C006A9887 /* lgc.h in Headers */ = {isa = PBXBuildFile; fileRef = A477269B1413D79C006A9887 /* lgc.h */; };
		A47726CB1413D79C006A9887 /* llex.c in Sources */ = {isa = PBXBuildFile; fileRef = A477269C1413D79C006A9887 /* llex.c */; };
		A47726CC1413D79C006A9887 /* llex.h in Headers */ = {isa = PBXBuildFile; fileRef = A477269D1413D79C006A9887 /* llex.h */; };
		A47726CD1413D79C006A9887 /* llimits.h in Headers */ = {isa = PBXBuildFile; fileRef = A477269E1413D79C006A9887 /* llimits.h */; };
		A47726CE1413D79C006A9887 /* lmathlib.c in Sources */ = {isa = PBXBuildFile; fileRef = A477269F1413D79C006A9887 /* lmathlib.c */; };
		A47726CF1413D79C006A9887 /* lmem.c in Sources */ = {isa = PBXBuildFile; fileRef = A47726A01413D79C006A9887 /* lmem.c */; };
		A47726D01413D79C006A9887 /* lmem.h in Headers */ = {isa = PBXBuildFile; fileRef = A47726A11413D79C006A9887 /* lmem.h */; };
		A47726D11413D79C006A9887 /* lobject.c in Sources */ = {isa = PBXBuildFile; fileRef = A47726A21413D79C006A9887 /* lobject.c */; };
		A47726D21413D79C006A9887 /* lobject.h in Headers */ = {isa = PBXBuildFile; fileRef = A47726A31413D79C006A9887 /* lobject.h */; };
		A47726D31413D79C006A9887 /* lopcodes.c in Sources */ = {isa = PBXBuildFile; fileRef = A47726A41413D79C006A9887 /* lopcodes.c */; };
		A47726D41413D79C006A9887 /* lopcodes.h in Headers */ = {isa = PBXBuildFile; fileRef = A47726A51413D79C006A9887 /* lopcodes.h */; };
		A47726D51413D79C006A9887 /* lparser.c in Sources */ = {isa = PBXBuildFile; fileRef = A47726A61413D79C006A9887 /* lparser.c */; };
		A47726D61413D79C006A9887 /* lparser.h in Headers */ = {isa = PBXBuildFile; fileRef = A47726A71413D79C006A9887 /* lparser.h */; };
		A47726D71413D79C006A9887 /* lstate.c in Sources */ = {isa = PBXBuildFile; fileRef = A47726A81413D79C006A9887 /* lstate.c */; };
		A47726D81413D79C006A9887 /* lstate.h in Headers */ = {isa = PBXBuildFile; fileRef = A47726A91413D79C006A9887 /* lstate.h */; };
		A47726D91413D79C006A9887 /* lstring.c in Sources */ = {isa = PBXBuildFile; fileRef = A47726AA1413D79C006A9887 /* lstring.c */; };
		A47726DA1413D79C006A9887 /* lstring.h in Headers */ = {isa = PBXBuildFile; fileRef = A47726AB1413D79C006A9887 /* lstring.h */; };
		A47726DB1413D79C006A9887 /* lstrlib.c in Sources */ = {isa = PBXBuildFile; fileRef = A47726AC1413D79C006A9887 /* lstrlib.c */; };
		A47726DC1413D79C006A9887 /* ltable.c in Sources */ = {isa = PBXBuildFile; fileRef = A47726AD1413D79C006A9887 /* ltable.c */; };
		A47726DD1413D79C006A9887 /* ltable.h in Headers */ = {isa = PBXBuildFile; fileRef = A47726AE1413D79C006A9887 /* ltable.h */; };
		A47726DE1413D79C006A9887 /* ltablib.c in Sources */ = {isa = PBXBuildFile; fileRef = A47726AF1413D79C006A9887 /* ltablib.c */; };
		A47726DF1413D79C006A9887 /* ltm.c in Sources */ = {isa = PBXBuildFile; fileRef = A47726B01413D79C006A9887 /* ltm.c */; };
		A47726E01413D79C006A9887 /* ltm.h in Headers */ = {isa = PBXBuildFile; fileRef = A47726B11413D79C006A9887 /* ltm.h */; };
		A47726E11413D79C006A9887 /* lua.h in Headers */ = {isa = PBXBuildFile; fileRef = A47726B21413D79C006A9887 /* lua.h */; };
		A47726E21413D79C006A9887 /* luaconf.h in Headers */ = {isa = PBXBuildFile; fileRef = A47726B31413D79C006A9887 /* luaconf.h */; };
		A47726E31413D79C006A9887 /* lundump.c in Sources */ = {isa = PBXBuildFile; fileRef = A47726B41413D79C006A9887 /* lundump.c */; };
		A47726E41413D79C006A9887 /* lundump.h in Headers */ = {isa = PBXBuildFile; fileRef = A47726B51413D79C006A9887 /* lundump.h */; };
		A47726E51413D79C006A9887 /* lvm.c in Sources */ = {isa = PBXBuildFile; fileRef = A47726B61413D79C006A9887 /* lvm.c */; };
		A47726E61413D79C006A9887 /* lvm.h in Headers */ = {isa = PBXBuildFile; fileRef = A47726B71413D79C006A9887 /* lvm.h */; };
		A47726E71413D79C006A9887 /* lzio.c in Sources */ = {isa = PBXBuildFile; fileRef = A47726B81413D79C006A9887 /* lzio.c */; };
		A47726E81413D79C006A9887 /* lzio.h in Headers */ = {isa = PBXBuildFile; fileRef = A47726B91413D79C006A9887 /* lzio.h */; };
		AACBBE4A0F95108600F1A2B1 /* Foundation.framework in Frameworks */ = {isa = PBXBuildFile; fileRef = AACBBE490F95108600F1A2B1 /* Foundation.framework */; };
/* End PBXBuildFile section */

/* Begin PBXFileReference section */
		A477268B1413D79C006A9887 /* lapi.c */ = {isa = PBXFileReference; fileEncoding = 4; lastKnownFileType = sourcecode.c.c; path = lapi.c; sourceTree = "<group>"; };
		A477268C1413D79C006A9887 /* lapi.h */ = {isa = PBXFileReference; fileEncoding = 4; lastKnownFileType = sourcecode.c.h; path = lapi.h; sourceTree = "<group>"; };
		A477268D1413D79C006A9887 /* lauxlib.c */ = {isa = PBXFileReference; fileEncoding = 4; lastKnownFileType = sourcecode.c.c; path = lauxlib.c; sourceTree = "<group>"; };
		A477268E1413D79C006A9887 /* lauxlib.h */ = {isa = PBXFileReference; fileEncoding = 4; lastKnownFileType = sourcecode.c.h; path = lauxlib.h; sourceTree = "<group>"; };
		A477268F1413D79C006A9887 /* lbaselib.c */ = {isa = PBXFileReference; fileEncoding = 4; lastKnownFileType = sourcecode.c.c; path = lbaselib.c; sourceTree = "<group>"; };
		A47726901413D79C006A9887 /* lcode.c */ = {isa = PBXFileReference; fileEncoding = 4; lastKnownFileType = sourcecode.c.c; path = lcode.c; sourceTree = "<group>"; };
		A47726911413D79C006A9887 /* lcode.h */ = {isa = PBXFileReference; fileEncoding = 4; lastKnownFileType = sourcecode.c.h; path = lcode.h; sourceTree = "<group>"; };
		A47726921413D79C006A9887 /* ldblib.c */ = {isa = PBXFileReference; fileEncoding = 4; lastKnownFileType = sourcecode.c.c; path = ldblib.c; sourceTree = "<group>"; };
		A47726931413D79C006A9887 /* ldebug.c */ = {isa = PBXFileReference; fileEncoding = 4; lastKnownFileType = sourcecode.c.c; path = ldebug.c; sourceTree = "<group>"; };
		A47726941413D79C006A9887 /* ldebug.h */ = {isa = PBXFileReference; fileEncoding = 4; lastKnownFileType = sourcecode.c.h; path = ldebug.h; sourceTree = "<group>"; };
		A47726951413D79C006A9887 /* ldo.c */ = {isa = PBXFileReference; fileEncoding = 4; lastKnownFileType = sourcecode.c.c; path = ldo.c; sourceTree = "<group>"; };
		A47726961413D79C006A9887 /* ldo.h */ = {isa = PBXFileReference; fileEncoding = 4; lastKnownFileType = sourcecode.c.h; path = ldo.h; sourceTree = "<group>"; };
		A47726971413D79C006A9887 /* ldump.c */ = {isa = PBXFileReference; fileEncoding = 4; lastKnownFileType = sourcecode.c.c; path = ldump.c; sourceTree = "<group>"; };
		A47726981413D79C006A9887 /* lfunc.c */ = {isa = PBXFileReference; fileEncoding = 4; lastKnownFileType = sourcecode.c.c; path = lfunc.c; sourceTree = "<group>"; };
		A47726991413D79C006A9887 /* lfunc.h */ = {isa = PBXFileReference; fileEncoding = 4; lastKnownFileType = sourcecode.c.h; path = lfunc.h; sourceTree = "<group>"; };
		A477269A1413D79C006A9887 /* lgc.c */ = {isa = PBXFileReference; fileEncoding = 4; lastKnownFileType = sourcecode.c.c; path = lgc.c; sourceTree = "<group>"; };
		A477269B1413D79C006A9887 /* lgc.h */ = {isa = PBXFileReference; fileEncoding = 4; lastKnownFileType = sourcecode.c.h; path = lgc.h; sourceTree = "<group>"; };
		A477269C1413D79C006A9887 /* llex.c */ = {isa = PBXFileReference; fileEncoding = 4; lastKnownFileType = sourcecode.c.c; path = llex.c; sourceTree = "<group>"; };
		A477269D1413D79C006A9887 /* llex.h */ = {isa = PBXFileReference; fileEncoding = 4; lastKnownFileType = sourcecode.c.h; path = llex.h; sourceTree = "<group>"; };
		A477269E1413D79C006A9887 /* llimits.h */ = {isa = PBXFileReference; fileEncoding = 4; lastKnownFileType = sourcecode.c.h; path = llimits.h; sourceTree = "<group>"; };
		A477269F1413D79C006A9887 /* lmathlib.c */ = {isa = PBXFileReference; fileEncoding = 4; lastKnownFileType = sourcecode.c.c; path = lmathlib.c; sourceTree = "<group>"; };
		A47726A01413D79C006A9887 /* lmem.c */ = {isa = PBXFileReference; fileEncoding = 4; lastKnownFileType = sourcecode.c.c; path = lmem.c; sourceTree = "<group>"; };
		A47726A11413D79C006A9887 /* lmem.h */ = {isa = PBXFileReference; fileEncoding = 4; lastKnownFileType = sourcecode.c.h; path = lmem.h; sourceTree = "<group>"; };
		A47726A21413D79C006A9887 /* lobject.c */ = {isa = PBXFileReference; fileEncoding = 4; lastKnownFileType = sourcecode.c.c; path = lobject.c; sourceTree = "<group>"; };
		A47726A31413D79C006A9887 /* lobject.h */ = {isa = PBXFileReference; fileEncoding = 4; lastKnownFileType = sourcecode.c.h; path = lobject.h; sourceTree = "<group>"; };
		A47726A41413D79C006A9887 /* lopcodes.c */ = {isa = PBXFileReference; fileEncoding = 4; lastKnownFileType = sourcecode.c.c; path = lopcodes.c; sourceTree = "<group>"; };
		A47726A51413D79C006A9887 /* lopcodes.h */ = {isa = PBXFileReference; fileEncoding = 4; lastKnownFileType = sourcecode.c.h; path = lopcodes.h; sourceTree = "<group>"; };
		A47726A61413D79C006A9887 /* lparser.c */ = {isa = PBXFileReference; fileEncoding = 4; lastKnownFileType = sourcecode.c.c; path = lparser.c; sourceTree = "<group>"; };
		A47726A71413D79C006A9887 /* lparser.h */ = {isa = PBXFileReference; fileEncoding = 4; lastKnownFileType = sourcecode.c.h; path = lparser.h; sourceTree = "<group>"; };
		A47726A81413D79C006A9887 /* lstate.c */ = {isa = PBXFileReference; fileEncoding = 4; lastKnownFileType = sourcecode.c.c; path = lstate.c; sourceTree = "<group>"; };
		A47726A91413D79C006A9887 /* lstate.h */ = {isa = PBXFileReference; fileEncoding = 4; lastKnownFileType = sourcecode.c.h; path = lstate.h; sourceTree = "<group>"; };
		A47726AA1413D79C006A9887 /* lstring.c */ = {isa = PBXFileReference; fileEncoding = 4; lastKnownFileType = sourcecode.c.c; path = lstring.c; sourceTree = "<group>"; };
		A47726AB1413D79C006A9887 /* lstring.h */ = {isa = PBXFileReference; fileEncoding = 4; lastKnownFileType = sourcecode.c.h; path = lstring.h; sourceTree = "<group>"; };
		A47726AC1413D79C006A9887 /* lstrlib.c */ = {isa = PBXFileReference; fileEncoding = 4; lastKnownFileType = sourcecode.c.c; path = lstrlib.c; sourceTree = "<group>"; };
		A47726AD1413D79C006A9887 /* ltable.c */ = {isa = PBXFileReference; fileEncoding = 4; lastKnownFileType = sourcecode.c.c; path = ltable.c; sourceTree = "<group>"; };
		A47726AE1413D79C006A9887 /* ltable.h */ = {isa = PBXFileReference; fileEncoding = 4; lastKnownFileType = sourcecode.c.h; path = ltable.h; sourceTree = "<group>"; };
		A47726AF1413D79C006A9887 /* ltablib.c */ = {isa = PBXFileReference; fileEncoding = 4; lastKnownFileType = sourcecode.c.c; path = ltablib.c; sourceTree = "<group>"; };
		A47726B01413D79C006A9887 /* ltm.c */ = {isa = PBXFileReference; fileEncoding = 4; lastKnownFileType = sourcecode.c.c; path = ltm.c; sourceTree = "<group>"; };
		A47726B11413D79C006A9887 /* ltm.h */ = {isa = PBXFileReference; fileEncoding = 4; lastKnownFileType = sourcecode.c.h; path = ltm.h; sourceTree = "<group>"; };
		A47726B21413D79C006A9887 /* lua.h */ = {isa = PBXFileReference; fileEncoding = 4; lastKnownFileType = sourcecode.c.h; path = lua.h; sourceTree = "<group>"; };
		A47726B31413D79C006A9887 /* luaconf.h */ = {isa = PBXFileReference; fileEncoding = 4; lastKnownFileType = sourcecode.c.h; path = luaconf.h; sourceTree = "<group>"; };
		A47726B41413D79C006A9887 /* lundump.c */ = {isa = PBXFileReference; fileEncoding = 4; lastKnownFileType = sourcecode.c.c; path = lundump.c; sourceTree = "<group>"; };
		A47726B51413D79C006A9887 /* lundump.h */ = {isa = PBXFileReference; fileEncoding = 4; lastKnownFileType = sourcecode.c.h; path = lundump.h; sourceTree = "<group>"; };
		A47726B61413D79C006A9887 /* lvm.c */ = {isa = PBXFileReference; fileEncoding = 4; lastKnownFileType = sourcecode.c.c; path = lvm.c; sourceTree = "<group>"; };
		A47726B71413D79C006A9887 /* lvm.h */ = {isa = PBXFileReference; fileEncoding = 4; lastKnownFileType = sourcecode.c.h; path = lvm.h; sourceTree = "<group>"; };
		A47726B81413D79C006A9887 /* lzio.c */ = {isa = PBXFileReference; fileEncoding = 4; lastKnownFileType = sourcecode.c.c; path = lzio.c; sourceTree = "<group>"; };
		A47726B91413D79C006A9887 /* lzio.h */ = {isa = PBXFileReference; fileEncoding = 4; lastKnownFileType = sourcecode.c.h; path = lzio.h; sourceTree = "<group>"; };
		AACBBE490F95108600F1A2B1 /* Foundation.framework */ = {isa = PBXFileReference; lastKnownFileType = wrapper.framework; name = Foundation.framework; path = System/Library/Frameworks/Foundation.framework; sourceTree = SDKROOT; };
		D2AAC07E0554694100DB518D /* liblua-Debug-iphoneos.a */ = {isa = PBXFileReference; explicitFileType = archive.ar; includeInIndex = 0; path = "liblua-Debug-iphoneos.a"; sourceTree = BUILT_PRODUCTS_DIR; };
/* End PBXFileReference section */

/* Begin PBXFrameworksBuildPhase section */
		D2AAC07C0554694100DB518D /* Frameworks */ = {
			isa = PBXFrameworksBuildPhase;
			buildActionMask = 2147483647;
			files = (
				AACBBE4A0F95108600F1A2B1 /* Foundation.framework in Frameworks */,
			);
			runOnlyForDeploymentPostprocessing = 0;
		};
/* End PBXFrameworksBuildPhase section */

/* Begin PBXGroup section */
		034768DFFF38A50411DB9C8B /* Products */ = {
			isa = PBXGroup;
			children = (
				D2AAC07E0554694100DB518D /* liblua-Debug-iphoneos.a */,
			);
			name = Products;
			sourceTree = "<group>";
		};
		0867D691FE84028FC02AAC07 /* lua */ = {
			isa = PBXGroup;
			children = (
				A477268A1413D79C006A9887 /* src */,
				0867D69AFE84028FC02AAC07 /* Frameworks */,
				034768DFFF38A50411DB9C8B /* Products */,
			);
			name = lua;
			sourceTree = "<group>";
		};
		0867D69AFE84028FC02AAC07 /* Frameworks */ = {
			isa = PBXGroup;
			children = (
				AACBBE490F95108600F1A2B1 /* Foundation.framework */,
			);
			name = Frameworks;
			sourceTree = "<group>";
		};
		A477268A1413D79C006A9887 /* src */ = {
			isa = PBXGroup;
			children = (
				A477268B1413D79C006A9887 /* lapi.c */,
				A477268C1413D79C006A9887 /* lapi.h */,
				A477268D1413D79C006A9887 /* lauxlib.c */,
				A477268E1413D79C006A9887 /* lauxlib.h */,
				A477268F1413D79C006A9887 /* lbaselib.c */,
				A47726901413D79C006A9887 /* lcode.c */,
				A47726911413D79C006A9887 /* lcode.h */,
				A47726921413D79C006A9887 /* ldblib.c */,
				A47726931413D79C006A9887 /* ldebug.c */,
				A47726941413D79C006A9887 /* ldebug.h */,
				A47726951413D79C006A9887 /* ldo.c */,
				A47726961413D79C006A9887 /* ldo.h */,
				A47726971413D79C006A9887 /* ldump.c */,
				A47726981413D79C006A9887 /* lfunc.c */,
				A47726991413D79C006A9887 /* lfunc.h */,
				A477269A1413D79C006A9887 /* lgc.c */,
				A477269B1413D79C006A9887 /* lgc.h */,
				A477269C1413D79C006A9887 /* llex.c */,
				A477269D1413D79C006A9887 /* llex.h */,
				A477269E1413D79C006A9887 /* llimits.h */,
				A477269F1413D79C006A9887 /* lmathlib.c */,
				A47726A01413D79C006A9887 /* lmem.c */,
				A47726A11413D79C006A9887 /* lmem.h */,
				A47726A21413D79C006A9887 /* lobject.c */,
				A47726A31413D79C006A9887 /* lobject.h */,
				A47726A41413D79C006A9887 /* lopcodes.c */,
				A47726A51413D79C006A9887 /* lopcodes.h */,
				A47726A61413D79C006A9887 /* lparser.c */,
				A47726A71413D79C006A9887 /* lparser.h */,
				A47726A81413D79C006A9887 /* lstate.c */,
				A47726A91413D79C006A9887 /* lstate.h */,
				A47726AA1413D79C006A9887 /* lstring.c */,
				A47726AB1413D79C006A9887 /* lstring.h */,
				A47726AC1413D79C006A9887 /* lstrlib.c */,
				A47726AD1413D79C006A9887 /* ltable.c */,
				A47726AE1413D79C006A9887 /* ltable.h */,
				A47726AF1413D79C006A9887 /* ltablib.c */,
				A47726B01413D79C006A9887 /* ltm.c */,
				A47726B11413D79C006A9887 /* ltm.h */,
				A47726B21413D79C006A9887 /* lua.h */,
				A47726B31413D79C006A9887 /* luaconf.h */,
				A47726B41413D79C006A9887 /* lundump.c */,
				A47726B51413D79C006A9887 /* lundump.h */,
				A47726B61413D79C006A9887 /* lvm.c */,
				A47726B71413D79C006A9887 /* lvm.h */,
				A47726B81413D79C006A9887 /* lzio.c */,
				A47726B91413D79C006A9887 /* lzio.h */,
			);
			name = src;
			path = ../../lua/src;
			sourceTree = SOURCE_ROOT;
		};
/* End PBXGroup section */

/* Begin PBXHeadersBuildPhase section */
		D2AAC07A0554694100DB518D /* Headers */ = {
			isa = PBXHeadersBuildPhase;
			buildActionMask = 2147483647;
			files = (
				A47726BB1413D79C006A9887 /* lapi.h in Headers */,
				A47726BD1413D79C006A9887 /* lauxlib.h in Headers */,
				A47726C01413D79C006A9887 /* lcode.h in Headers */,
				A47726C31413D79C006A9887 /* ldebug.h in Headers */,
				A47726C51413D79C006A9887 /* ldo.h in Headers */,
				A47726C81413D79C006A9887 /* lfunc.h in Headers */,
				A47726CA1413D79C006A9887 /* lgc.h in Headers */,
				A47726CC1413D79C006A9887 /* llex.h in Headers */,
				A47726CD1413D79C006A9887 /* llimits.h in Headers */,
				A47726D01413D79C006A9887 /* lmem.h in Headers */,
				A47726D21413D79C006A9887 /* lobject.h in Headers */,
				A47726D41413D79C006A9887 /* lopcodes.h in Headers */,
				A47726D61413D79C006A9887 /* lparser.h in Headers */,
				A47726D81413D79C006A9887 /* lstate.h in Headers */,
				A47726DA1413D79C006A9887 /* lstring.h in Headers */,
				A47726DD1413D79C006A9887 /* ltable.h in Headers */,
				A47726E01413D79C006A9887 /* ltm.h in Headers */,
				A47726E11413D79C006A9887 /* lua.h in Headers */,
				A47726E21413D79C006A9887 /* luaconf.h in Headers */,
				A47726E41413D79C006A9887 /* lundump.h in Headers */,
				A47726E61413D79C006A9887 /* lvm.h in Headers */,
				A47726E81413D79C006A9887 /* lzio.h in Headers */,
			);
			runOnlyForDeploymentPostprocessing = 0;
		};
/* End PBXHeadersBuildPhase section */

/* Begin PBXNativeTarget section */
		D2AAC07D0554694100DB518D /* lua */ = {
			isa = PBXNativeTarget;
			buildConfigurationList = 1DEB921E08733DC00010E9CD /* Build configuration list for PBXNativeTarget "lua" */;
			buildPhases = (
				D2AAC07A0554694100DB518D /* Headers */,
				D2AAC07B0554694100DB518D /* Sources */,
				D2AAC07C0554694100DB518D /* Frameworks */,
			);
			buildRules = (
			);
			dependencies = (
			);
			name = lua;
			productName = lua;
			productReference = D2AAC07E0554694100DB518D /* liblua-Debug-iphoneos.a */;
			productType = "com.apple.product-type.library.static";
		};
/* End PBXNativeTarget section */

/* Begin PBXProject section */
		0867D690FE84028FC02AAC07 /* Project object */ = {
			isa = PBXProject;
			attributes = {
				LastUpgradeCheck = 0430;
			};
			buildConfigurationList = 1DEB922208733DC00010E9CD /* Build configuration list for PBXProject "lua" */;
			compatibilityVersion = "Xcode 3.2";
			developmentRegion = English;
			hasScannedForEncodings = 1;
			knownRegions = (
				English,
				Japanese,
				French,
				German,
			);
			mainGroup = 0867D691FE84028FC02AAC07 /* lua */;
			productRefGroup = 034768DFFF38A50411DB9C8B /* Products */;
			projectDirPath = "";
			projectRoot = "";
			targets = (
				D2AAC07D0554694100DB518D /* lua */,
			);
		};
/* End PBXProject section */

/* Begin PBXSourcesBuildPhase section */
		D2AAC07B0554694100DB518D /* Sources */ = {
			isa = PBXSourcesBuildPhase;
			buildActionMask = 2147483647;
			files = (
				A47726BA1413D79C006A9887 /* lapi.c in Sources */,
				A47726BC1413D79C006A9887 /* lauxlib.c in Sources */,
				A47726BE1413D79C006A9887 /* lbaselib.c in Sources */,
				A47726BF1413D79C006A9887 /* lcode.c in Sources */,
				A47726C11413D79C006A9887 /* ldblib.c in Sources */,
				A47726C21413D79C006A9887 /* ldebug.c in Sources */,
				A47726C41413D79C006A9887 /* ldo.c in Sources */,
				A47726C61413D79C006A9887 /* ldump.c in Sources */,
				A47726C71413D79C006A9887 /* lfunc.c in Sources */,
				A47726C91413D79C006A9887 /* lgc.c in Sources */,
				A47726CB1413D79C006A9887 /* llex.c in Sources */,
				A47726CE1413D79C006A9887 /* lmathlib.c in Sources */,
				A47726CF1413D79C006A9887 /* lmem.c in Sources */,
				A47726D11413D79C006A9887 /* lobject.c in Sources */,
				A47726D31413D79C006A9887 /* lopcodes.c in Sources */,
				A47726D51413D79C006A9887 /* lparser.c in Sources */,
				A47726D71413D79C006A9887 /* lstate.c in Sources */,
				A47726D91413D79C006A9887 /* lstring.c in Sources */,
				A47726DB1413D79C006A9887 /* lstrlib.c in Sources */,
				A47726DC1413D79C006A9887 /* ltable.c in Sources */,
				A47726DE1413D79C006A9887 /* ltablib.c in Sources */,
				A47726DF1413D79C006A9887 /* ltm.c in Sources */,
				A47726E31413D79C006A9887 /* lundump.c in Sources */,
				A47726E51413D79C006A9887 /* lvm.c in Sources */,
				A47726E71413D79C006A9887 /* lzio.c in Sources */,
			);
			runOnlyForDeploymentPostprocessing = 0;
		};
/* End PBXSourcesBuildPhase section */

/* Begin XCBuildConfiguration section */
		1DEB921F08733DC00010E9CD /* Debug */ = {
			isa = XCBuildConfiguration;
			buildSettings = {
				ALWAYS_SEARCH_USER_PATHS = NO;
				PRODUCT_NAME = "lua-$(CONFIGURATION)$(EFFECTIVE_PLATFORM_NAME)";
			};
			name = Debug;
		};
		1DEB922008733DC00010E9CD /* Release */ = {
			isa = XCBuildConfiguration;
			buildSettings = {
				ALWAYS_SEARCH_USER_PATHS = NO;
				PRODUCT_NAME = "lua-$(CONFIGURATION)$(EFFECTIVE_PLATFORM_NAME)";
			};
			name = Release;
		};
		1DEB922308733DC00010E9CD /* Debug */ = {
			isa = XCBuildConfiguration;
			buildSettings = {
				ARCHS = "$(ARCHS_STANDARD_32_BIT)";
				CONFIGURATION_BUILD_DIR = "$(BUILD_DIR)";
				COPY_PHASE_STRIP = NO;
				GCC_C_LANGUAGE_STANDARD = c99;
				GCC_OPTIMIZATION_LEVEL = 0;
				GCC_SYMBOLS_PRIVATE_EXTERN = YES;
				GCC_WARN_ABOUT_RETURN_TYPE = YES;
				GCC_WARN_UNUSED_VARIABLE = YES;
				IPHONEOS_DEPLOYMENT_TARGET = 3.0;
				OBJROOT = "build-lua";
				SDKROOT = iphoneos;
				SYMROOT = ../../lib;
				TARGETED_DEVICE_FAMILY = "1,2";
			};
			name = Debug;
		};
		1DEB922408733DC00010E9CD /* Release */ = {
			isa = XCBuildConfiguration;
			buildSettings = {
				ARCHS = "$(ARCHS_STANDARD_32_BIT)";
				CONFIGURATION_BUILD_DIR = "$(BUILD_DIR)";
				GCC_C_LANGUAGE_STANDARD = c99;
				GCC_SYMBOLS_PRIVATE_EXTERN = YES;
				GCC_WARN_ABOUT_RETURN_TYPE = YES;
				GCC_WARN_UNUSED_VARIABLE = YES;
				IPHONEOS_DEPLOYMENT_TARGET = 3.0;
				OBJROOT = "build-lua";
				SDKROOT = iphoneos;
				SYMROOT = ../../lib;
				TARGETED_DEVICE_FAMILY = "1,2";
			};
			name = Release;
		};
/* End XCBuildConfiguration section */

/* Begin XCConfigurationList section */
		1DEB921E08733DC00010E9CD /* Build configuration list for PBXNativeTarget "lua" */ = {
			isa = XCConfigurationList;
			buildConfigurations = (
				1DEB921F08733DC00010E9CD /* Debug */,
				1DEB922008733DC00010E9CD /* Release */,
			);
			defaultConfigurationIsVisible = 0;
			defaultConfigurationName = Release;
		};
		1DEB922208733DC00010E9CD /* Build configuration list for PBXProject "lua" */ = {
			isa = XCConfigurationList;
			buildConfigurations = (
				1DEB922308733DC00010E9CD /* Debug */,
				1DEB922408733DC00010E9CD /* Release */,
			);
			defaultConfigurationIsVisible = 0;
			defaultConfigurationName = Release;
		};
/* End XCConfigurationList section */
	};
	rootObject = 0867D690FE84028FC02AAC07 /* Project object */;
}
