// !$*UTF8*$!
{
	archiveVersion = 1;
	classes = {
	};
	objectVersion = 46;
	objects = {

/* Begin PBXBuildFile section */
		A47727491413DBA5006A9887 /* chipmunk.h in Headers */ = {isa = PBXBuildFile; fileRef = A477270E1413DBA5006A9887 /* chipmunk.h */; };
		A477274A1413DBA5006A9887 /* chipmunk_ffi.h in Headers */ = {isa = PBXBuildFile; fileRef = A477270F1413DBA5006A9887 /* chipmunk_ffi.h */; };
		A477274B1413DBA5006A9887 /* chipmunk_private.h in Headers */ = {isa = PBXBuildFile; fileRef = A47727101413DBA5006A9887 /* chipmunk_private.h */; };
		A477274C1413DBA5006A9887 /* chipmunk_types.h in Headers */ = {isa = PBXBuildFile; fileRef = A47727111413DBA5006A9887 /* chipmunk_types.h */; };
		A477274D1413DBA5006A9887 /* chipmunk_unsafe.h in Headers */ = {isa = PBXBuildFile; fileRef = A47727121413DBA5006A9887 /* chipmunk_unsafe.h */; };
		A477274E1413DBA5006A9887 /* cpConstraint.h in Headers */ = {isa = PBXBuildFile; fileRef = A47727141413DBA5006A9887 /* cpConstraint.h */; };
		A477274F1413DBA5006A9887 /* cpDampedRotarySpring.h in Headers */ = {isa = PBXBuildFile; fileRef = A47727151413DBA5006A9887 /* cpDampedRotarySpring.h */; };
		A47727501413DBA5006A9887 /* cpDampedSpring.h in Headers */ = {isa = PBXBuildFile; fileRef = A47727161413DBA5006A9887 /* cpDampedSpring.h */; };
		A47727511413DBA5006A9887 /* cpGearJoint.h in Headers */ = {isa = PBXBuildFile; fileRef = A47727171413DBA5006A9887 /* cpGearJoint.h */; };
		A47727521413DBA5006A9887 /* cpGrooveJoint.h in Headers */ = {isa = PBXBuildFile; fileRef = A47727181413DBA5006A9887 /* cpGrooveJoint.h */; };
		A47727531413DBA5006A9887 /* cpPinJoint.h in Headers */ = {isa = PBXBuildFile; fileRef = A47727191413DBA5006A9887 /* cpPinJoint.h */; };
		A47727541413DBA5006A9887 /* cpPivotJoint.h in Headers */ = {isa = PBXBuildFile; fileRef = A477271A1413DBA5006A9887 /* cpPivotJoint.h */; };
		A47727551413DBA5006A9887 /* cpRatchetJoint.h in Headers */ = {isa = PBXBuildFile; fileRef = A477271B1413DBA5006A9887 /* cpRatchetJoint.h */; };
		A47727561413DBA5006A9887 /* cpRotaryLimitJoint.h in Headers */ = {isa = PBXBuildFile; fileRef = A477271C1413DBA5006A9887 /* cpRotaryLimitJoint.h */; };
		A47727571413DBA5006A9887 /* cpSimpleMotor.h in Headers */ = {isa = PBXBuildFile; fileRef = A477271D1413DBA5006A9887 /* cpSimpleMotor.h */; };
		A47727581413DBA5006A9887 /* cpSlideJoint.h in Headers */ = {isa = PBXBuildFile; fileRef = A477271E1413DBA5006A9887 /* cpSlideJoint.h */; };
		A47727591413DBA5006A9887 /* util.h in Headers */ = {isa = PBXBuildFile; fileRef = A477271F1413DBA5006A9887 /* util.h */; };
		A477275A1413DBA5006A9887 /* cpArbiter.h in Headers */ = {isa = PBXBuildFile; fileRef = A47727201413DBA5006A9887 /* cpArbiter.h */; };
		A477275B1413DBA5006A9887 /* cpBB.h in Headers */ = {isa = PBXBuildFile; fileRef = A47727211413DBA5006A9887 /* cpBB.h */; };
		A477275C1413DBA5006A9887 /* cpBody.h in Headers */ = {isa = PBXBuildFile; fileRef = A47727221413DBA5006A9887 /* cpBody.h */; };
		A477275D1413DBA5006A9887 /* cpPolyShape.h in Headers */ = {isa = PBXBuildFile; fileRef = A47727231413DBA5006A9887 /* cpPolyShape.h */; };
		A477275E1413DBA5006A9887 /* cpShape.h in Headers */ = {isa = PBXBuildFile; fileRef = A47727241413DBA5006A9887 /* cpShape.h */; };
		A477275F1413DBA5006A9887 /* cpSpace.h in Headers */ = {isa = PBXBuildFile; fileRef = A47727251413DBA5006A9887 /* cpSpace.h */; };
		A47727601413DBA5006A9887 /* cpSpatialIndex.h in Headers */ = {isa = PBXBuildFile; fileRef = A47727261413DBA5006A9887 /* cpSpatialIndex.h */; };
		A47727611413DBA5006A9887 /* cpVect.h in Headers */ = {isa = PBXBuildFile; fileRef = A47727271413DBA5006A9887 /* cpVect.h */; };
		A47727621413DBA5006A9887 /* chipmunk.c in Sources */ = {isa = PBXBuildFile; fileRef = A47727291413DBA5006A9887 /* chipmunk.c */; };
		A47727631413DBA5006A9887 /* cpConstraint.c in Sources */ = {isa = PBXBuildFile; fileRef = A477272C1413DBA5006A9887 /* cpConstraint.c */; };
		A47727641413DBA5006A9887 /* cpDampedRotarySpring.c in Sources */ = {isa = PBXBuildFile; fileRef = A477272D1413DBA5006A9887 /* cpDampedRotarySpring.c */; };
		A47727651413DBA5006A9887 /* cpDampedSpring.c in Sources */ = {isa = PBXBuildFile; fileRef = A477272E1413DBA5006A9887 /* cpDampedSpring.c */; };
		A47727661413DBA5006A9887 /* cpGearJoint.c in Sources */ = {isa = PBXBuildFile; fileRef = A477272F1413DBA5006A9887 /* cpGearJoint.c */; };
		A47727671413DBA5006A9887 /* cpGrooveJoint.c in Sources */ = {isa = PBXBuildFile; fileRef = A47727301413DBA5006A9887 /* cpGrooveJoint.c */; };
		A47727681413DBA5006A9887 /* cpPinJoint.c in Sources */ = {isa = PBXBuildFile; fileRef = A47727311413DBA5006A9887 /* cpPinJoint.c */; };
		A47727691413DBA5006A9887 /* cpPivotJoint.c in Sources */ = {isa = PBXBuildFile; fileRef = A47727321413DBA5006A9887 /* cpPivotJoint.c */; };
		A477276A1413DBA5006A9887 /* cpRatchetJoint.c in Sources */ = {isa = PBXBuildFile; fileRef = A47727331413DBA5006A9887 /* cpRatchetJoint.c */; };
		A477276B1413DBA5006A9887 /* cpRotaryLimitJoint.c in Sources */ = {isa = PBXBuildFile; fileRef = A47727341413DBA5006A9887 /* cpRotaryLimitJoint.c */; };
		A477276C1413DBA5006A9887 /* cpSimpleMotor.c in Sources */ = {isa = PBXBuildFile; fileRef = A47727351413DBA5006A9887 /* cpSimpleMotor.c */; };
		A477276D1413DBA5006A9887 /* cpSlideJoint.c in Sources */ = {isa = PBXBuildFile; fileRef = A47727361413DBA5006A9887 /* cpSlideJoint.c */; };
		A477276E1413DBA5006A9887 /* cpArbiter.c in Sources */ = {isa = PBXBuildFile; fileRef = A47727371413DBA5006A9887 /* cpArbiter.c */; };
		A477276F1413DBA5006A9887 /* cpArray.c in Sources */ = {isa = PBXBuildFile; fileRef = A47727381413DBA5006A9887 /* cpArray.c */; };
		A47727701413DBA5006A9887 /* cpBB.c in Sources */ = {isa = PBXBuildFile; fileRef = A47727391413DBA5006A9887 /* cpBB.c */; };
		A47727711413DBA5006A9887 /* cpBBTree.c in Sources */ = {isa = PBXBuildFile; fileRef = A477273A1413DBA5006A9887 /* cpBBTree.c */; };
		A47727721413DBA5006A9887 /* cpBody.c in Sources */ = {isa = PBXBuildFile; fileRef = A477273B1413DBA5006A9887 /* cpBody.c */; };
		A47727731413DBA5006A9887 /* cpCollision.c in Sources */ = {isa = PBXBuildFile; fileRef = A477273C1413DBA5006A9887 /* cpCollision.c */; };
		A47727741413DBA5006A9887 /* cpHashSet.c in Sources */ = {isa = PBXBuildFile; fileRef = A477273D1413DBA5006A9887 /* cpHashSet.c */; };
		A47727751413DBA5006A9887 /* cpPolyShape.c in Sources */ = {isa = PBXBuildFile; fileRef = A477273E1413DBA5006A9887 /* cpPolyShape.c */; };
		A47727761413DBA5006A9887 /* cpShape.c in Sources */ = {isa = PBXBuildFile; fileRef = A477273F1413DBA5006A9887 /* cpShape.c */; };
		A47727771413DBA5006A9887 /* cpSpace.c in Sources */ = {isa = PBXBuildFile; fileRef = A47727401413DBA5006A9887 /* cpSpace.c */; };
		A47727781413DBA5006A9887 /* cpSpaceComponent.c in Sources */ = {isa = PBXBuildFile; fileRef = A47727411413DBA5006A9887 /* cpSpaceComponent.c */; };
		A47727791413DBA5006A9887 /* cpSpaceHash.c in Sources */ = {isa = PBXBuildFile; fileRef = A47727421413DBA5006A9887 /* cpSpaceHash.c */; };
		A477277A1413DBA5006A9887 /* cpSpaceQuery.c in Sources */ = {isa = PBXBuildFile; fileRef = A47727431413DBA5006A9887 /* cpSpaceQuery.c */; };
		A477277B1413DBA5006A9887 /* cpSpaceStep.c in Sources */ = {isa = PBXBuildFile; fileRef = A47727441413DBA5006A9887 /* cpSpaceStep.c */; };
		A477277C1413DBA5006A9887 /* cpSpatialIndex.c in Sources */ = {isa = PBXBuildFile; fileRef = A47727451413DBA5006A9887 /* cpSpatialIndex.c */; };
		A477277D1413DBA5006A9887 /* cpSweep1D.c in Sources */ = {isa = PBXBuildFile; fileRef = A47727461413DBA5006A9887 /* cpSweep1D.c */; };
		A477277E1413DBA5006A9887 /* cpVect.c in Sources */ = {isa = PBXBuildFile; fileRef = A47727471413DBA5006A9887 /* cpVect.c */; };
		A477277F1413DBA5006A9887 /* prime.h in Headers */ = {isa = PBXBuildFile; fileRef = A47727481413DBA5006A9887 /* prime.h */; };
/* End PBXBuildFile section */

/* Begin PBXFileReference section */
		A477270E1413DBA5006A9887 /* chipmunk.h */ = {isa = PBXFileReference; fileEncoding = 4; lastKnownFileType = sourcecode.c.h; name = chipmunk.h; path = ../../chipmunk/include/chipmunk/chipmunk.h; sourceTree = "<group>"; };
		A477270F1413DBA5006A9887 /* chipmunk_ffi.h */ = {isa = PBXFileReference; fileEncoding = 4; lastKnownFileType = sourcecode.c.h; name = chipmunk_ffi.h; path = ../../chipmunk/include/chipmunk/chipmunk_ffi.h; sourceTree = "<group>"; };
		A47727101413DBA5006A9887 /* chipmunk_private.h */ = {isa = PBXFileReference; fileEncoding = 4; lastKnownFileType = sourcecode.c.h; name = chipmunk_private.h; path = ../../chipmunk/include/chipmunk/chipmunk_private.h; sourceTree = "<group>"; };
		A47727111413DBA5006A9887 /* chipmunk_types.h */ = {isa = PBXFileReference; fileEncoding = 4; lastKnownFileType = sourcecode.c.h; name = chipmunk_types.h; path = ../../chipmunk/include/chipmunk/chipmunk_types.h; sourceTree = "<group>"; };
		A47727121413DBA5006A9887 /* chipmunk_unsafe.h */ = {isa = PBXFileReference; fileEncoding = 4; lastKnownFileType = sourcecode.c.h; name = chipmunk_unsafe.h; path = ../../chipmunk/include/chipmunk/chipmunk_unsafe.h; sourceTree = "<group>"; };
		A47727141413DBA5006A9887 /* cpConstraint.h */ = {isa = PBXFileReference; fileEncoding = 4; lastKnownFileType = sourcecode.c.h; path = cpConstraint.h; sourceTree = "<group>"; };
		A47727151413DBA5006A9887 /* cpDampedRotarySpring.h */ = {isa = PBXFileReference; fileEncoding = 4; lastKnownFileType = sourcecode.c.h; path = cpDampedRotarySpring.h; sourceTree = "<group>"; };
		A47727161413DBA5006A9887 /* cpDampedSpring.h */ = {isa = PBXFileReference; fileEncoding = 4; lastKnownFileType = sourcecode.c.h; path = cpDampedSpring.h; sourceTree = "<group>"; };
		A47727171413DBA5006A9887 /* cpGearJoint.h */ = {isa = PBXFileReference; fileEncoding = 4; lastKnownFileType = sourcecode.c.h; path = cpGearJoint.h; sourceTree = "<group>"; };
		A47727181413DBA5006A9887 /* cpGrooveJoint.h */ = {isa = PBXFileReference; fileEncoding = 4; lastKnownFileType = sourcecode.c.h; path = cpGrooveJoint.h; sourceTree = "<group>"; };
		A47727191413DBA5006A9887 /* cpPinJoint.h */ = {isa = PBXFileReference; fileEncoding = 4; lastKnownFileType = sourcecode.c.h; path = cpPinJoint.h; sourceTree = "<group>"; };
		A477271A1413DBA5006A9887 /* cpPivotJoint.h */ = {isa = PBXFileReference; fileEncoding = 4; lastKnownFileType = sourcecode.c.h; path = cpPivotJoint.h; sourceTree = "<group>"; };
		A477271B1413DBA5006A9887 /* cpRatchetJoint.h */ = {isa = PBXFileReference; fileEncoding = 4; lastKnownFileType = sourcecode.c.h; path = cpRatchetJoint.h; sourceTree = "<group>"; };
		A477271C1413DBA5006A9887 /* cpRotaryLimitJoint.h */ = {isa = PBXFileReference; fileEncoding = 4; lastKnownFileType = sourcecode.c.h; path = cpRotaryLimitJoint.h; sourceTree = "<group>"; };
		A477271D1413DBA5006A9887 /* cpSimpleMotor.h */ = {isa = PBXFileReference; fileEncoding = 4; lastKnownFileType = sourcecode.c.h; path = cpSimpleMotor.h; sourceTree = "<group>"; };
		A477271E1413DBA5006A9887 /* cpSlideJoint.h */ = {isa = PBXFileReference; fileEncoding = 4; lastKnownFileType = sourcecode.c.h; path = cpSlideJoint.h; sourceTree = "<group>"; };
		A477271F1413DBA5006A9887 /* util.h */ = {isa = PBXFileReference; fileEncoding = 4; lastKnownFileType = sourcecode.c.h; path = util.h; sourceTree = "<group>"; };
		A47727201413DBA5006A9887 /* cpArbiter.h */ = {isa = PBXFileReference; fileEncoding = 4; lastKnownFileType = sourcecode.c.h; name = cpArbiter.h; path = ../../chipmunk/include/chipmunk/cpArbiter.h; sourceTree = "<group>"; };
		A47727211413DBA5006A9887 /* cpBB.h */ = {isa = PBXFileReference; fileEncoding = 4; lastKnownFileType = sourcecode.c.h; name = cpBB.h; path = ../../chipmunk/include/chipmunk/cpBB.h; sourceTree = "<group>"; };
		A47727221413DBA5006A9887 /* cpBody.h */ = {isa = PBXFileReference; fileEncoding = 4; lastKnownFileType = sourcecode.c.h; name = cpBody.h; path = ../../chipmunk/include/chipmunk/cpBody.h; sourceTree = "<group>"; };
		A47727231413DBA5006A9887 /* cpPolyShape.h */ = {isa = PBXFileReference; fileEncoding = 4; lastKnownFileType = sourcecode.c.h; name = cpPolyShape.h; path = ../../chipmunk/include/chipmunk/cpPolyShape.h; sourceTree = "<group>"; };
		A47727241413DBA5006A9887 /* cpShape.h */ = {isa = PBXFileReference; fileEncoding = 4; lastKnownFileType = sourcecode.c.h; name = cpShape.h; path = ../../chipmunk/include/chipmunk/cpShape.h; sourceTree = "<group>"; };
		A47727251413DBA5006A9887 /* cpSpace.h */ = {isa = PBXFileReference; fileEncoding = 4; lastKnownFileType = sourcecode.c.h; name = cpSpace.h; path = ../../chipmunk/include/chipmunk/cpSpace.h; sourceTree = "<group>"; };
		A47727261413DBA5006A9887 /* cpSpatialIndex.h */ = {isa = PBXFileReference; fileEncoding = 4; lastKnownFileType = sourcecode.c.h; name = cpSpatialIndex.h; path = ../../chipmunk/include/chipmunk/cpSpatialIndex.h; sourceTree = "<group>"; };
		A47727271413DBA5006A9887 /* cpVect.h */ = {isa = PBXFileReference; fileEncoding = 4; lastKnownFileType = sourcecode.c.h; name = cpVect.h; path = ../../chipmunk/include/chipmunk/cpVect.h; sourceTree = "<group>"; };
		A47727291413DBA5006A9887 /* chipmunk.c */ = {isa = PBXFileReference; fileEncoding = 4; lastKnownFileType = sourcecode.c.c; path = chipmunk.c; sourceTree = "<group>"; };
		A477272C1413DBA5006A9887 /* cpConstraint.c */ = {isa = PBXFileReference; fileEncoding = 4; lastKnownFileType = sourcecode.c.c; name = cpConstraint.c; path = ../../../src/constraints/cpConstraint.c; sourceTree = "<group>"; };
		A477272D1413DBA5006A9887 /* cpDampedRotarySpring.c */ = {isa = PBXFileReference; fileEncoding = 4; lastKnownFileType = sourcecode.c.c; name = cpDampedRotarySpring.c; path = ../../../src/constraints/cpDampedRotarySpring.c; sourceTree = "<group>"; };
		A477272E1413DBA5006A9887 /* cpDampedSpring.c */ = {isa = PBXFileReference; fileEncoding = 4; lastKnownFileType = sourcecode.c.c; name = cpDampedSpring.c; path = ../../../src/constraints/cpDampedSpring.c; sourceTree = "<group>"; };
		A477272F1413DBA5006A9887 /* cpGearJoint.c */ = {isa = PBXFileReference; fileEncoding = 4; lastKnownFileType = sourcecode.c.c; name = cpGearJoint.c; path = ../../../src/constraints/cpGearJoint.c; sourceTree = "<group>"; };
		A47727301413DBA5006A9887 /* cpGrooveJoint.c */ = {isa = PBXFileReference; fileEncoding = 4; lastKnownFileType = sourcecode.c.c; name = cpGrooveJoint.c; path = ../../../src/constraints/cpGrooveJoint.c; sourceTree = "<group>"; };
		A47727311413DBA5006A9887 /* cpPinJoint.c */ = {isa = PBXFileReference; fileEncoding = 4; lastKnownFileType = sourcecode.c.c; name = cpPinJoint.c; path = ../../../src/constraints/cpPinJoint.c; sourceTree = "<group>"; };
		A47727321413DBA5006A9887 /* cpPivotJoint.c */ = {isa = PBXFileReference; fileEncoding = 4; lastKnownFileType = sourcecode.c.c; name = cpPivotJoint.c; path = ../../../src/constraints/cpPivotJoint.c; sourceTree = "<group>"; };
		A47727331413DBA5006A9887 /* cpRatchetJoint.c */ = {isa = PBXFileReference; fileEncoding = 4; lastKnownFileType = sourcecode.c.c; name = cpRatchetJoint.c; path = ../../../src/constraints/cpRatchetJoint.c; sourceTree = "<group>"; };
		A47727341413DBA5006A9887 /* cpRotaryLimitJoint.c */ = {isa = PBXFileReference; fileEncoding = 4; lastKnownFileType = sourcecode.c.c; name = cpRotaryLimitJoint.c; path = ../../../src/constraints/cpRotaryLimitJoint.c; sourceTree = "<group>"; };
		A47727351413DBA5006A9887 /* cpSimpleMotor.c */ = {isa = PBXFileReference; fileEncoding = 4; lastKnownFileType = sourcecode.c.c; name = cpSimpleMotor.c; path = ../../../src/constraints/cpSimpleMotor.c; sourceTree = "<group>"; };
		A47727361413DBA5006A9887 /* cpSlideJoint.c */ = {isa = PBXFileReference; fileEncoding = 4; lastKnownFileType = sourcecode.c.c; name = cpSlideJoint.c; path = ../../../src/constraints/cpSlideJoint.c; sourceTree = "<group>"; };
		A47727371413DBA5006A9887 /* cpArbiter.c */ = {isa = PBXFileReference; fileEncoding = 4; lastKnownFileType = sourcecode.c.c; path = cpArbiter.c; sourceTree = "<group>"; };
		A47727381413DBA5006A9887 /* cpArray.c */ = {isa = PBXFileReference; fileEncoding = 4; lastKnownFileType = sourcecode.c.c; path = cpArray.c; sourceTree = "<group>"; };
		A47727391413DBA5006A9887 /* cpBB.c */ = {isa = PBXFileReference; fileEncoding = 4; lastKnownFileType = sourcecode.c.c; path = cpBB.c; sourceTree = "<group>"; };
		A477273A1413DBA5006A9887 /* cpBBTree.c */ = {isa = PBXFileReference; fileEncoding = 4; lastKnownFileType = sourcecode.c.c; path = cpBBTree.c; sourceTree = "<group>"; };
		A477273B1413DBA5006A9887 /* cpBody.c */ = {isa = PBXFileReference; fileEncoding = 4; lastKnownFileType = sourcecode.c.c; path = cpBody.c; sourceTree = "<group>"; };
		A477273C1413DBA5006A9887 /* cpCollision.c */ = {isa = PBXFileReference; fileEncoding = 4; lastKnownFileType = sourcecode.c.c; path = cpCollision.c; sourceTree = "<group>"; };
		A477273D1413DBA5006A9887 /* cpHashSet.c */ = {isa = PBXFileReference; fileEncoding = 4; lastKnownFileType = sourcecode.c.c; path = cpHashSet.c; sourceTree = "<group>"; };
		A477273E1413DBA5006A9887 /* cpPolyShape.c */ = {isa = PBXFileReference; fileEncoding = 4; lastKnownFileType = sourcecode.c.c; path = cpPolyShape.c; sourceTree = "<group>"; };
		A477273F1413DBA5006A9887 /* cpShape.c */ = {isa = PBXFileReference; fileEncoding = 4; lastKnownFileType = sourcecode.c.c; path = cpShape.c; sourceTree = "<group>"; };
		A47727401413DBA5006A9887 /* cpSpace.c */ = {isa = PBXFileReference; fileEncoding = 4; lastKnownFileType = sourcecode.c.c; path = cpSpace.c; sourceTree = "<group>"; };
		A47727411413DBA5006A9887 /* cpSpaceComponent.c */ = {isa = PBXFileReference; fileEncoding = 4; lastKnownFileType = sourcecode.c.c; path = cpSpaceComponent.c; sourceTree = "<group>"; };
		A47727421413DBA5006A9887 /* cpSpaceHash.c */ = {isa = PBXFileReference; fileEncoding = 4; lastKnownFileType = sourcecode.c.c; path = cpSpaceHash.c; sourceTree = "<group>"; };
		A47727431413DBA5006A9887 /* cpSpaceQuery.c */ = {isa = PBXFileReference; fileEncoding = 4; lastKnownFileType = sourcecode.c.c; path = cpSpaceQuery.c; sourceTree = "<group>"; };
		A47727441413DBA5006A9887 /* cpSpaceStep.c */ = {isa = PBXFileReference; fileEncoding = 4; lastKnownFileType = sourcecode.c.c; path = cpSpaceStep.c; sourceTree = "<group>"; };
		A47727451413DBA5006A9887 /* cpSpatialIndex.c */ = {isa = PBXFileReference; fileEncoding = 4; lastKnownFileType = sourcecode.c.c; path = cpSpatialIndex.c; sourceTree = "<group>"; };
		A47727461413DBA5006A9887 /* cpSweep1D.c */ = {isa = PBXFileReference; fileEncoding = 4; lastKnownFileType = sourcecode.c.c; path = cpSweep1D.c; sourceTree = "<group>"; };
		A47727471413DBA5006A9887 /* cpVect.c */ = {isa = PBXFileReference; fileEncoding = 4; lastKnownFileType = sourcecode.c.c; path = cpVect.c; sourceTree = "<group>"; };
		A47727481413DBA5006A9887 /* prime.h */ = {isa = PBXFileReference; fileEncoding = 4; lastKnownFileType = sourcecode.c.h; path = prime.h; sourceTree = "<group>"; };
		D2AAC07E0554694100DB518D /* libchipmunk-OSX_d.a */ = {isa = PBXFileReference; explicitFileType = archive.ar; includeInIndex = 0; path = "libchipmunk-OSX_d.a"; sourceTree = BUILT_PRODUCTS_DIR; };
/* End PBXFileReference section */

/* Begin PBXFrameworksBuildPhase section */
		D2AAC07C0554694100DB518D /* Frameworks */ = {
			isa = PBXFrameworksBuildPhase;
			buildActionMask = 2147483647;
			files = (
			);
			runOnlyForDeploymentPostprocessing = 0;
		};
/* End PBXFrameworksBuildPhase section */

/* Begin PBXGroup section */
		034768DFFF38A50411DB9C8B /* Products */ = {
			isa = PBXGroup;
			children = (
				D2AAC07E0554694100DB518D /* libchipmunk-OSX_d.a */,
			);
			name = Products;
			sourceTree = "<group>";
		};
		0867D691FE84028FC02AAC07 /* chipmunk */ = {
			isa = PBXGroup;
			children = (
				A477270E1413DBA5006A9887 /* chipmunk.h */,
				A477270F1413DBA5006A9887 /* chipmunk_ffi.h */,
				A47727101413DBA5006A9887 /* chipmunk_private.h */,
				A47727111413DBA5006A9887 /* chipmunk_types.h */,
				A47727121413DBA5006A9887 /* chipmunk_unsafe.h */,
				A47727131413DBA5006A9887 /* constraints */,
				A47727201413DBA5006A9887 /* cpArbiter.h */,
				A47727211413DBA5006A9887 /* cpBB.h */,
				A47727221413DBA5006A9887 /* cpBody.h */,
				A47727231413DBA5006A9887 /* cpPolyShape.h */,
				A47727241413DBA5006A9887 /* cpShape.h */,
				A47727251413DBA5006A9887 /* cpSpace.h */,
				A47727261413DBA5006A9887 /* cpSpatialIndex.h */,
				A47727271413DBA5006A9887 /* cpVect.h */,
				A47727281413DBA5006A9887 /* src */,
				0867D69AFE84028FC02AAC07 /* Frameworks */,
				034768DFFF38A50411DB9C8B /* Products */,
			);
			name = chipmunk;
			sourceTree = "<group>";
		};
		0867D69AFE84028FC02AAC07 /* Frameworks */ = {
			isa = PBXGroup;
			children = (
			);
			name = Frameworks;
			sourceTree = "<group>";
		};
		A47727131413DBA5006A9887 /* constraints */ = {
			isa = PBXGroup;
			children = (
				A477272C1413DBA5006A9887 /* cpConstraint.c */,
				A477272D1413DBA5006A9887 /* cpDampedRotarySpring.c */,
				A477272E1413DBA5006A9887 /* cpDampedSpring.c */,
				A477272F1413DBA5006A9887 /* cpGearJoint.c */,
				A47727301413DBA5006A9887 /* cpGrooveJoint.c */,
				A47727311413DBA5006A9887 /* cpPinJoint.c */,
				A47727321413DBA5006A9887 /* cpPivotJoint.c */,
				A47727331413DBA5006A9887 /* cpRatchetJoint.c */,
				A47727341413DBA5006A9887 /* cpRotaryLimitJoint.c */,
				A47727351413DBA5006A9887 /* cpSimpleMotor.c */,
				A47727361413DBA5006A9887 /* cpSlideJoint.c */,
				A47727141413DBA5006A9887 /* cpConstraint.h */,
				A47727151413DBA5006A9887 /* cpDampedRotarySpring.h */,
				A47727161413DBA5006A9887 /* cpDampedSpring.h */,
				A47727171413DBA5006A9887 /* cpGearJoint.h */,
				A47727181413DBA5006A9887 /* cpGrooveJoint.h */,
				A47727191413DBA5006A9887 /* cpPinJoint.h */,
				A477271A1413DBA5006A9887 /* cpPivotJoint.h */,
				A477271B1413DBA5006A9887 /* cpRatchetJoint.h */,
				A477271C1413DBA5006A9887 /* cpRotaryLimitJoint.h */,
				A477271D1413DBA5006A9887 /* cpSimpleMotor.h */,
				A477271E1413DBA5006A9887 /* cpSlideJoint.h */,
				A477271F1413DBA5006A9887 /* util.h */,
			);
			name = constraints;
			path = ../../chipmunk/include/chipmunk/constraints;
			sourceTree = "<group>";
		};
		A47727281413DBA5006A9887 /* src */ = {
			isa = PBXGroup;
			children = (
				A47727291413DBA5006A9887 /* chipmunk.c */,
				A477272B1413DBA5006A9887 /* constraints */,
				A47727371413DBA5006A9887 /* cpArbiter.c */,
				A47727381413DBA5006A9887 /* cpArray.c */,
				A47727391413DBA5006A9887 /* cpBB.c */,
				A477273A1413DBA5006A9887 /* cpBBTree.c */,
				A477273B1413DBA5006A9887 /* cpBody.c */,
				A477273C1413DBA5006A9887 /* cpCollision.c */,
				A477273D1413DBA5006A9887 /* cpHashSet.c */,
				A477273E1413DBA5006A9887 /* cpPolyShape.c */,
				A477273F1413DBA5006A9887 /* cpShape.c */,
				A47727401413DBA5006A9887 /* cpSpace.c */,
				A47727411413DBA5006A9887 /* cpSpaceComponent.c */,
				A47727421413DBA5006A9887 /* cpSpaceHash.c */,
				A47727431413DBA5006A9887 /* cpSpaceQuery.c */,
				A47727441413DBA5006A9887 /* cpSpaceStep.c */,
				A47727451413DBA5006A9887 /* cpSpatialIndex.c */,
				A47727461413DBA5006A9887 /* cpSweep1D.c */,
				A47727471413DBA5006A9887 /* cpVect.c */,
				A47727481413DBA5006A9887 /* prime.h */,
			);
			name = src;
			path = ../../chipmunk/src;
			sourceTree = SOURCE_ROOT;
		};
		A477272B1413DBA5006A9887 /* constraints */ = {
			isa = PBXGroup;
			children = (
			);
			path = constraints;
			sourceTree = "<group>";
		};
/* End PBXGroup section */

/* Begin PBXHeadersBuildPhase section */
		D2AAC07A0554694100DB518D /* Headers */ = {
			isa = PBXHeadersBuildPhase;
			buildActionMask = 2147483647;
			files = (
				A47727491413DBA5006A9887 /* chipmunk.h in Headers */,
				A477274A1413DBA5006A9887 /* chipmunk_ffi.h in Headers */,
				A477274B1413DBA5006A9887 /* chipmunk_private.h in Headers */,
				A477274C1413DBA5006A9887 /* chipmunk_types.h in Headers */,
				A477274D1413DBA5006A9887 /* chipmunk_unsafe.h in Headers */,
				A477274E1413DBA5006A9887 /* cpConstraint.h in Headers */,
				A477274F1413DBA5006A9887 /* cpDampedRotarySpring.h in Headers */,
				A47727501413DBA5006A9887 /* cpDampedSpring.h in Headers */,
				A47727511413DBA5006A9887 /* cpGearJoint.h in Headers */,
				A47727521413DBA5006A9887 /* cpGrooveJoint.h in Headers */,
				A47727531413DBA5006A9887 /* cpPinJoint.h in Headers */,
				A47727541413DBA5006A9887 /* cpPivotJoint.h in Headers */,
				A47727551413DBA5006A9887 /* cpRatchetJoint.h in Headers */,
				A47727561413DBA5006A9887 /* cpRotaryLimitJoint.h in Headers */,
				A47727571413DBA5006A9887 /* cpSimpleMotor.h in Headers */,
				A47727581413DBA5006A9887 /* cpSlideJoint.h in Headers */,
				A47727591413DBA5006A9887 /* util.h in Headers */,
				A477275A1413DBA5006A9887 /* cpArbiter.h in Headers */,
				A477275B1413DBA5006A9887 /* cpBB.h in Headers */,
				A477275C1413DBA5006A9887 /* cpBody.h in Headers */,
				A477275D1413DBA5006A9887 /* cpPolyShape.h in Headers */,
				A477275E1413DBA5006A9887 /* cpShape.h in Headers */,
				A477275F1413DBA5006A9887 /* cpSpace.h in Headers */,
				A47727601413DBA5006A9887 /* cpSpatialIndex.h in Headers */,
				A47727611413DBA5006A9887 /* cpVect.h in Headers */,
				A477277F1413DBA5006A9887 /* prime.h in Headers */,
			);
			runOnlyForDeploymentPostprocessing = 0;
		};
/* End PBXHeadersBuildPhase section */

/* Begin PBXNativeTarget section */
		D2AAC07D0554694100DB518D /* chipmunk */ = {
			isa = PBXNativeTarget;
			buildConfigurationList = 1DEB921E08733DC00010E9CD /* Build configuration list for PBXNativeTarget "chipmunk" */;
			buildPhases = (
				D2AAC07A0554694100DB518D /* Headers */,
				D2AAC07B0554694100DB518D /* Sources */,
				D2AAC07C0554694100DB518D /* Frameworks */,
			);
			buildRules = (
			);
			dependencies = (
			);
			name = chipmunk;
			productName = chipmunk;
			productReference = D2AAC07E0554694100DB518D /* libchipmunk-OSX_d.a */;
			productType = "com.apple.product-type.library.static";
		};
/* End PBXNativeTarget section */

/* Begin PBXProject section */
		0867D690FE84028FC02AAC07 /* Project object */ = {
			isa = PBXProject;
			attributes = {
				LastUpgradeCheck = 0430;
			};
			buildConfigurationList = 1DEB922208733DC00010E9CD /* Build configuration list for PBXProject "chipmunk" */;
			compatibilityVersion = "Xcode 3.2";
			developmentRegion = English;
			hasScannedForEncodings = 1;
			knownRegions = (
				English,
				Japanese,
				French,
				German,
			);
			mainGroup = 0867D691FE84028FC02AAC07 /* chipmunk */;
			productRefGroup = 034768DFFF38A50411DB9C8B /* Products */;
			projectDirPath = "";
			projectRoot = "";
			targets = (
				D2AAC07D0554694100DB518D /* chipmunk */,
			);
		};
/* End PBXProject section */

/* Begin PBXSourcesBuildPhase section */
		D2AAC07B0554694100DB518D /* Sources */ = {
			isa = PBXSourcesBuildPhase;
			buildActionMask = 2147483647;
			files = (
				A47727621413DBA5006A9887 /* chipmunk.c in Sources */,
				A47727631413DBA5006A9887 /* cpConstraint.c in Sources */,
				A47727641413DBA5006A9887 /* cpDampedRotarySpring.c in Sources */,
				A47727651413DBA5006A9887 /* cpDampedSpring.c in Sources */,
				A47727661413DBA5006A9887 /* cpGearJoint.c in Sources */,
				A47727671413DBA5006A9887 /* cpGrooveJoint.c in Sources */,
				A47727681413DBA5006A9887 /* cpPinJoint.c in Sources */,
				A47727691413DBA5006A9887 /* cpPivotJoint.c in Sources */,
				A477276A1413DBA5006A9887 /* cpRatchetJoint.c in Sources */,
				A477276B1413DBA5006A9887 /* cpRotaryLimitJoint.c in Sources */,
				A477276C1413DBA5006A9887 /* cpSimpleMotor.c in Sources */,
				A477276D1413DBA5006A9887 /* cpSlideJoint.c in Sources */,
				A477276E1413DBA5006A9887 /* cpArbiter.c in Sources */,
				A477276F1413DBA5006A9887 /* cpArray.c in Sources */,
				A47727701413DBA5006A9887 /* cpBB.c in Sources */,
				A47727711413DBA5006A9887 /* cpBBTree.c in Sources */,
				A47727721413DBA5006A9887 /* cpBody.c in Sources */,
				A47727731413DBA5006A9887 /* cpCollision.c in Sources */,
				A47727741413DBA5006A9887 /* cpHashSet.c in Sources */,
				A47727751413DBA5006A9887 /* cpPolyShape.c in Sources */,
				A47727761413DBA5006A9887 /* cpShape.c in Sources */,
				A47727771413DBA5006A9887 /* cpSpace.c in Sources */,
				A47727781413DBA5006A9887 /* cpSpaceComponent.c in Sources */,
				A47727791413DBA5006A9887 /* cpSpaceHash.c in Sources */,
				A477277A1413DBA5006A9887 /* cpSpaceQuery.c in Sources */,
				A477277B1413DBA5006A9887 /* cpSpaceStep.c in Sources */,
				A477277C1413DBA5006A9887 /* cpSpatialIndex.c in Sources */,
				A477277D1413DBA5006A9887 /* cpSweep1D.c in Sources */,
				A477277E1413DBA5006A9887 /* cpVect.c in Sources */,
			);
			runOnlyForDeploymentPostprocessing = 0;
		};
/* End PBXSourcesBuildPhase section */

/* Begin XCBuildConfiguration section */
		1DEB921F08733DC00010E9CD /* Debug */ = {
			isa = XCBuildConfiguration;
			buildSettings = {
				PRODUCT_NAME = "chipmunk-OSX_d";
				USER_HEADER_SEARCH_PATHS = "";
			};
			name = Debug;
		};
		1DEB922008733DC00010E9CD /* Release */ = {
			isa = XCBuildConfiguration;
			buildSettings = {
				PRODUCT_NAME = "chipmunk-OSX";
				USER_HEADER_SEARCH_PATHS = "";
			};
			name = Release;
		};
		1DEB922308733DC00010E9CD /* Debug */ = {
			isa = XCBuildConfiguration;
			buildSettings = {
				ARCHS = "$(ARCHS_STANDARD_32_64_BIT)";
				CONFIGURATION_BUILD_DIR = "$(BUILD_DIR)";
				COPY_PHASE_STRIP = NO;
				GCC_C_LANGUAGE_STANDARD = c99;
				GCC_OPTIMIZATION_LEVEL = 0;
				GCC_SYMBOLS_PRIVATE_EXTERN = YES;
				GCC_WARN_ABOUT_RETURN_TYPE = YES;
				GCC_WARN_UNUSED_VARIABLE = YES;
				HEADER_SEARCH_PATHS = ../../chipmunk/include/chipmunk;
				MACOSX_DEPLOYMENT_TARGET = 10.5;
				OBJROOT = "build-chipmunk";
				SDKROOT = macosx;
				SYMROOT = ../../lib;
			};
			name = Debug;
		};
		1DEB922408733DC00010E9CD /* Release */ = {
			isa = XCBuildConfiguration;
			buildSettings = {
				ARCHS = "$(ARCHS_STANDARD_32_64_BIT)";
				CONFIGURATION_BUILD_DIR = "$(BUILD_DIR)";
				GCC_C_LANGUAGE_STANDARD = c99;
				GCC_SYMBOLS_PRIVATE_EXTERN = YES;
				GCC_WARN_ABOUT_RETURN_TYPE = YES;
				GCC_WARN_UNUSED_VARIABLE = YES;
				HEADER_SEARCH_PATHS = ../../chipmunk/include/chipmunk;
				MACOSX_DEPLOYMENT_TARGET = 10.5;
				OBJROOT = "build-chipmunk";
				SDKROOT = macosx;
				SYMROOT = ../../lib;
			};
			name = Release;
		};
/* End XCBuildConfiguration section */

/* Begin XCConfigurationList section */
		1DEB921E08733DC00010E9CD /* Build configuration list for PBXNativeTarget "chipmunk" */ = {
			isa = XCConfigurationList;
			buildConfigurations = (
				1DEB921F08733DC00010E9CD /* Debug */,
				1DEB922008733DC00010E9CD /* Release */,
			);
			defaultConfigurationIsVisible = 0;
			defaultConfigurationName = Release;
		};
		1DEB922208733DC00010E9CD /* Build configuration list for PBXProject "chipmunk" */ = {
			isa = XCConfigurationList;
			buildConfigurations = (
				1DEB922308733DC00010E9CD /* Debug */,
				1DEB922408733DC00010E9CD /* Release */,
			);
			defaultConfigurationIsVisible = 0;
			defaultConfigurationName = Release;
		};
/* End XCConfigurationList section */
	};
	rootObject = 0867D690FE84028FC02AAC07 /* Project object */;
}
