// !$*UTF8*$!
{
	archiveVersion = 1;
	classes = {
	};
	objectVersion = 46;
	objects = {

/* Begin PBXBuildFile section */
		A46B91F018440A2D00445329 /* chipmunk.h in Headers */ = {isa = PBXBuildFile; fileRef = A46B91D718440A2D00445329 /* chipmunk.h */; };
		A46B91F118440A2D00445329 /* chipmunk_ffi.h in Headers */ = {isa = PBXBuildFile; fileRef = A46B91D818440A2D00445329 /* chipmunk_ffi.h */; };
		A46B91F218440A2D00445329 /* chipmunk_private.h in Headers */ = {isa = PBXBuildFile; fileRef = A46B91D918440A2D00445329 /* chipmunk_private.h */; };
		A46B91F318440A2D00445329 /* chipmunk_types.h in Headers */ = {isa = PBXBuildFile; fileRef = A46B91DA18440A2D00445329 /* chipmunk_types.h */; };
		A46B91F418440A2D00445329 /* chipmunk_unsafe.h in Headers */ = {isa = PBXBuildFile; fileRef = A46B91DB18440A2D00445329 /* chipmunk_unsafe.h */; };
		A46B91F518440A2D00445329 /* cpArbiter.h in Headers */ = {isa = PBXBuildFile; fileRef = A46B91DC18440A2D00445329 /* cpArbiter.h */; };
		A46B91F618440A2D00445329 /* cpBB.h in Headers */ = {isa = PBXBuildFile; fileRef = A46B91DD18440A2D00445329 /* cpBB.h */; };
		A46B91F718440A2D00445329 /* cpBody.h in Headers */ = {isa = PBXBuildFile; fileRef = A46B91DE18440A2D00445329 /* cpBody.h */; };
		A46B91FF18440A2D00445329 /* cpPolyShape.h in Headers */ = {isa = PBXBuildFile; fileRef = A46B91E618440A2D00445329 /* cpPolyShape.h */; };
		A46B920218440A2D00445329 /* cpShape.h in Headers */ = {isa = PBXBuildFile; fileRef = A46B91E918440A2D00445329 /* cpShape.h */; };
		A46B920518440A2D00445329 /* cpSpace.h in Headers */ = {isa = PBXBuildFile; fileRef = A46B91EC18440A2D00445329 /* cpSpace.h */; };
		A46B920618440A2D00445329 /* cpSpatialIndex.h in Headers */ = {isa = PBXBuildFile; fileRef = A46B91ED18440A2D00445329 /* cpSpatialIndex.h */; };
		A46B920818440A2D00445329 /* cpVect.h in Headers */ = {isa = PBXBuildFile; fileRef = A46B91EF18440A2D00445329 /* cpVect.h */; };
		A46B922E18440D9800445329 /* cpConstraint.h in Headers */ = {isa = PBXBuildFile; fileRef = A46B922218440D9800445329 /* cpConstraint.h */; };
		A46B922F18440D9800445329 /* cpDampedRotarySpring.h in Headers */ = {isa = PBXBuildFile; fileRef = A46B922318440D9800445329 /* cpDampedRotarySpring.h */; };
		A46B923018440D9800445329 /* cpDampedSpring.h in Headers */ = {isa = PBXBuildFile; fileRef = A46B922418440D9800445329 /* cpDampedSpring.h */; };
		A46B923118440D9800445329 /* cpGearJoint.h in Headers */ = {isa = PBXBuildFile; fileRef = A46B922518440D9800445329 /* cpGearJoint.h */; };
		A46B923218440D9800445329 /* cpGrooveJoint.h in Headers */ = {isa = PBXBuildFile; fileRef = A46B922618440D9800445329 /* cpGrooveJoint.h */; };
		A46B923318440D9800445329 /* cpPinJoint.h in Headers */ = {isa = PBXBuildFile; fileRef = A46B922718440D9800445329 /* cpPinJoint.h */; };
		A46B923418440D9800445329 /* cpPivotJoint.h in Headers */ = {isa = PBXBuildFile; fileRef = A46B922818440D9800445329 /* cpPivotJoint.h */; };
		A46B923518440D9800445329 /* cpRatchetJoint.h in Headers */ = {isa = PBXBuildFile; fileRef = A46B922918440D9800445329 /* cpRatchetJoint.h */; };
		A46B923618440D9800445329 /* cpRotaryLimitJoint.h in Headers */ = {isa = PBXBuildFile; fileRef = A46B922A18440D9800445329 /* cpRotaryLimitJoint.h */; };
		A46B923718440D9800445329 /* cpSimpleMotor.h in Headers */ = {isa = PBXBuildFile; fileRef = A46B922B18440D9800445329 /* cpSimpleMotor.h */; };
		A46B923818440D9800445329 /* cpSlideJoint.h in Headers */ = {isa = PBXBuildFile; fileRef = A46B922C18440D9800445329 /* cpSlideJoint.h */; };
		A46B923918440D9800445329 /* util.h in Headers */ = {isa = PBXBuildFile; fileRef = A46B922D18440D9800445329 /* util.h */; };
		A46B924518440DA800445329 /* cpConstraint.c in Sources */ = {isa = PBXBuildFile; fileRef = A46B923A18440DA800445329 /* cpConstraint.c */; };
		A46B924618440DA800445329 /* cpDampedRotarySpring.c in Sources */ = {isa = PBXBuildFile; fileRef = A46B923B18440DA800445329 /* cpDampedRotarySpring.c */; };
		A46B924718440DA800445329 /* cpDampedSpring.c in Sources */ = {isa = PBXBuildFile; fileRef = A46B923C18440DA800445329 /* cpDampedSpring.c */; };
		A46B924818440DA800445329 /* cpGearJoint.c in Sources */ = {isa = PBXBuildFile; fileRef = A46B923D18440DA800445329 /* cpGearJoint.c */; };
		A46B924918440DA800445329 /* cpGrooveJoint.c in Sources */ = {isa = PBXBuildFile; fileRef = A46B923E18440DA800445329 /* cpGrooveJoint.c */; };
		A46B924A18440DA800445329 /* cpPinJoint.c in Sources */ = {isa = PBXBuildFile; fileRef = A46B923F18440DA800445329 /* cpPinJoint.c */; };
		A46B924B18440DA800445329 /* cpPivotJoint.c in Sources */ = {isa = PBXBuildFile; fileRef = A46B924018440DA800445329 /* cpPivotJoint.c */; };
		A46B924C18440DA800445329 /* cpRatchetJoint.c in Sources */ = {isa = PBXBuildFile; fileRef = A46B924118440DA800445329 /* cpRatchetJoint.c */; };
		A46B924D18440DA800445329 /* cpRotaryLimitJoint.c in Sources */ = {isa = PBXBuildFile; fileRef = A46B924218440DA800445329 /* cpRotaryLimitJoint.c */; };
		A46B924E18440DA800445329 /* cpSimpleMotor.c in Sources */ = {isa = PBXBuildFile; fileRef = A46B924318440DA800445329 /* cpSimpleMotor.c */; };
		A46B924F18440DA800445329 /* cpSlideJoint.c in Sources */ = {isa = PBXBuildFile; fileRef = A46B924418440DA800445329 /* cpSlideJoint.c */; };
		A47727621413DBA5006A9887 /* chipmunk.c in Sources */ = {isa = PBXBuildFile; fileRef = A47727291413DBA5006A9887 /* chipmunk.c */; };
		A477276E1413DBA5006A9887 /* cpArbiter.c in Sources */ = {isa = PBXBuildFile; fileRef = A47727371413DBA5006A9887 /* cpArbiter.c */; };
		A477276F1413DBA5006A9887 /* cpArray.c in Sources */ = {isa = PBXBuildFile; fileRef = A47727381413DBA5006A9887 /* cpArray.c */; };
		A47727711413DBA5006A9887 /* cpBBTree.c in Sources */ = {isa = PBXBuildFile; fileRef = A477273A1413DBA5006A9887 /* cpBBTree.c */; };
		A47727721413DBA5006A9887 /* cpBody.c in Sources */ = {isa = PBXBuildFile; fileRef = A477273B1413DBA5006A9887 /* cpBody.c */; };
		A47727731413DBA5006A9887 /* cpCollision.c in Sources */ = {isa = PBXBuildFile; fileRef = A477273C1413DBA5006A9887 /* cpCollision.c */; };
		A47727741413DBA5006A9887 /* cpHashSet.c in Sources */ = {isa = PBXBuildFile; fileRef = A477273D1413DBA5006A9887 /* cpHashSet.c */; };
		A47727751413DBA5006A9887 /* cpPolyShape.c in Sources */ = {isa = PBXBuildFile; fileRef = A477273E1413DBA5006A9887 /* cpPolyShape.c */; };
		A47727761413DBA5006A9887 /* cpShape.c in Sources */ = {isa = PBXBuildFile; fileRef = A477273F1413DBA5006A9887 /* cpShape.c */; };
		A47727771413DBA5006A9887 /* cpSpace.c in Sources */ = {isa = PBXBuildFile; fileRef = A47727401413DBA5006A9887 /* cpSpace.c */; };
		A47727781413DBA5006A9887 /* cpSpaceComponent.c in Sources */ = {isa = PBXBuildFile; fileRef = A47727411413DBA5006A9887 /* cpSpaceComponent.c */; };
		A47727791413DBA5006A9887 /* cpSpaceHash.c in Sources */ = {isa = PBXBuildFile; fileRef = A47727421413DBA5006A9887 /* cpSpaceHash.c */; };
		A477277A1413DBA5006A9887 /* cpSpaceQuery.c in Sources */ = {isa = PBXBuildFile; fileRef = A47727431413DBA5006A9887 /* cpSpaceQuery.c */; };
		A477277B1413DBA5006A9887 /* cpSpaceStep.c in Sources */ = {isa = PBXBuildFile; fileRef = A47727441413DBA5006A9887 /* cpSpaceStep.c */; };
		A477277C1413DBA5006A9887 /* cpSpatialIndex.c in Sources */ = {isa = PBXBuildFile; fileRef = A47727451413DBA5006A9887 /* cpSpatialIndex.c */; };
		A477277D1413DBA5006A9887 /* cpSweep1D.c in Sources */ = {isa = PBXBuildFile; fileRef = A47727461413DBA5006A9887 /* cpSweep1D.c */; };
		A477277F1413DBA5006A9887 /* prime.h in Headers */ = {isa = PBXBuildFile; fileRef = A47727481413DBA5006A9887 /* prime.h */; };
/* End PBXBuildFile section */

/* Begin PBXFileReference section */
		A46B91D718440A2D00445329 /* chipmunk.h */ = {isa = PBXFileReference; fileEncoding = 4; lastKnownFileType = sourcecode.c.h; path = chipmunk.h; sourceTree = "<group>"; };
		A46B91D818440A2D00445329 /* chipmunk_ffi.h */ = {isa = PBXFileReference; fileEncoding = 4; lastKnownFileType = sourcecode.c.h; path = chipmunk_ffi.h; sourceTree = "<group>"; };
		A46B91D918440A2D00445329 /* chipmunk_private.h */ = {isa = PBXFileReference; fileEncoding = 4; lastKnownFileType = sourcecode.c.h; path = chipmunk_private.h; sourceTree = "<group>"; };
		A46B91DA18440A2D00445329 /* chipmunk_types.h */ = {isa = PBXFileReference; fileEncoding = 4; lastKnownFileType = sourcecode.c.h; path = chipmunk_types.h; sourceTree = "<group>"; };
		A46B91DB18440A2D00445329 /* chipmunk_unsafe.h */ = {isa = PBXFileReference; fileEncoding = 4; lastKnownFileType = sourcecode.c.h; path = chipmunk_unsafe.h; sourceTree = "<group>"; };
		A46B91DC18440A2D00445329 /* cpArbiter.h */ = {isa = PBXFileReference; fileEncoding = 4; lastKnownFileType = sourcecode.c.h; path = cpArbiter.h; sourceTree = "<group>"; };
		A46B91DD18440A2D00445329 /* cpBB.h */ = {isa = PBXFileReference; fileEncoding = 4; lastKnownFileType = sourcecode.c.h; path = cpBB.h; sourceTree = "<group>"; };
		A46B91DE18440A2D00445329 /* cpBody.h */ = {isa = PBXFileReference; fileEncoding = 4; lastKnownFileType = sourcecode.c.h; path = cpBody.h; sourceTree = "<group>"; };
		A46B91E618440A2D00445329 /* cpPolyShape.h */ = {isa = PBXFileReference; fileEncoding = 4; lastKnownFileType = sourcecode.c.h; path = cpPolyShape.h; sourceTree = "<group>"; };
		A46B91E918440A2D00445329 /* cpShape.h */ = {isa = PBXFileReference; fileEncoding = 4; lastKnownFileType = sourcecode.c.h; path = cpShape.h; sourceTree = "<group>"; };
		A46B91EC18440A2D00445329 /* cpSpace.h */ = {isa = PBXFileReference; fileEncoding = 4; lastKnownFileType = sourcecode.c.h; path = cpSpace.h; sourceTree = "<group>"; };
		A46B91ED18440A2D00445329 /* cpSpatialIndex.h */ = {isa = PBXFileReference; fileEncoding = 4; lastKnownFileType = sourcecode.c.h; path = cpSpatialIndex.h; sourceTree = "<group>"; };
		A46B91EF18440A2D00445329 /* cpVect.h */ = {isa = PBXFileReference; fileEncoding = 4; lastKnownFileType = sourcecode.c.h; path = cpVect.h; sourceTree = "<group>"; };
		A46B922218440D9800445329 /* cpConstraint.h */ = {isa = PBXFileReference; fileEncoding = 4; lastKnownFileType = sourcecode.c.h; path = cpConstraint.h; sourceTree = "<group>"; };
		A46B922318440D9800445329 /* cpDampedRotarySpring.h */ = {isa = PBXFileReference; fileEncoding = 4; lastKnownFileType = sourcecode.c.h; path = cpDampedRotarySpring.h; sourceTree = "<group>"; };
		A46B922418440D9800445329 /* cpDampedSpring.h */ = {isa = PBXFileReference; fileEncoding = 4; lastKnownFileType = sourcecode.c.h; path = cpDampedSpring.h; sourceTree = "<group>"; };
		A46B922518440D9800445329 /* cpGearJoint.h */ = {isa = PBXFileReference; fileEncoding = 4; lastKnownFileType = sourcecode.c.h; path = cpGearJoint.h; sourceTree = "<group>"; };
		A46B922618440D9800445329 /* cpGrooveJoint.h */ = {isa = PBXFileReference; fileEncoding = 4; lastKnownFileType = sourcecode.c.h; path = cpGrooveJoint.h; sourceTree = "<group>"; };
		A46B922718440D9800445329 /* cpPinJoint.h */ = {isa = PBXFileReference; fileEncoding = 4; lastKnownFileType = sourcecode.c.h; path = cpPinJoint.h; sourceTree = "<group>"; };
		A46B922818440D9800445329 /* cpPivotJoint.h */ = {isa = PBXFileReference; fileEncoding = 4; lastKnownFileType = sourcecode.c.h; path = cpPivotJoint.h; sourceTree = "<group>"; };
		A46B922918440D9800445329 /* cpRatchetJoint.h */ = {isa = PBXFileReference; fileEncoding = 4; lastKnownFileType = sourcecode.c.h; path = cpRatchetJoint.h; sourceTree = "<group>"; };
		A46B922A18440D9800445329 /* cpRotaryLimitJoint.h */ = {isa = PBXFileReference; fileEncoding = 4; lastKnownFileType = sourcecode.c.h; path = cpRotaryLimitJoint.h; sourceTree = "<group>"; };
		A46B922B18440D9800445329 /* cpSimpleMotor.h */ = {isa = PBXFileReference; fileEncoding = 4; lastKnownFileType = sourcecode.c.h; path = cpSimpleMotor.h; sourceTree = "<group>"; };
		A46B922C18440D9800445329 /* cpSlideJoint.h */ = {isa = PBXFileReference; fileEncoding = 4; lastKnownFileType = sourcecode.c.h; path = cpSlideJoint.h; sourceTree = "<group>"; };
		A46B922D18440D9800445329 /* util.h */ = {isa = PBXFileReference; fileEncoding = 4; lastKnownFileType = sourcecode.c.h; path = util.h; sourceTree = "<group>"; };
		A46B923A18440DA800445329 /* cpConstraint.c */ = {isa = PBXFileReference; fileEncoding = 4; lastKnownFileType = sourcecode.c.c; path = cpConstraint.c; sourceTree = "<group>"; };
		A46B923B18440DA800445329 /* cpDampedRotarySpring.c */ = {isa = PBXFileReference; fileEncoding = 4; lastKnownFileType = sourcecode.c.c; path = cpDampedRotarySpring.c; sourceTree = "<group>"; };
		A46B923C18440DA800445329 /* cpDampedSpring.c */ = {isa = PBXFileReference; fileEncoding = 4; lastKnownFileType = sourcecode.c.c; path = cpDampedSpring.c; sourceTree = "<group>"; };
		A46B923D18440DA800445329 /* cpGearJoint.c */ = {isa = PBXFileReference; fileEncoding = 4; lastKnownFileType = sourcecode.c.c; path = cpGearJoint.c; sourceTree = "<group>"; };
		A46B923E18440DA800445329 /* cpGrooveJoint.c */ = {isa = PBXFileReference; fileEncoding = 4; lastKnownFileType = sourcecode.c.c; path = cpGrooveJoint.c; sourceTree = "<group>"; };
		A46B923F18440DA800445329 /* cpPinJoint.c */ = {isa = PBXFileReference; fileEncoding = 4; lastKnownFileType = sourcecode.c.c; path = cpPinJoint.c; sourceTree = "<group>"; };
		A46B924018440DA800445329 /* cpPivotJoint.c */ = {isa = PBXFileReference; fileEncoding = 4; lastKnownFileType = sourcecode.c.c; path = cpPivotJoint.c; sourceTree = "<group>"; };
		A46B924118440DA800445329 /* cpRatchetJoint.c */ = {isa = PBXFileReference; fileEncoding = 4; lastKnownFileType = sourcecode.c.c; path = cpRatchetJoint.c; sourceTree = "<group>"; };
		A46B924218440DA800445329 /* cpRotaryLimitJoint.c */ = {isa = PBXFileReference; fileEncoding = 4; lastKnownFileType = sourcecode.c.c; path = cpRotaryLimitJoint.c; sourceTree = "<group>"; };
		A46B924318440DA800445329 /* cpSimpleMotor.c */ = {isa = PBXFileReference; fileEncoding = 4; lastKnownFileType = sourcecode.c.c; path = cpSimpleMotor.c; sourceTree = "<group>"; };
		A46B924418440DA800445329 /* cpSlideJoint.c */ = {isa = PBXFileReference; fileEncoding = 4; lastKnownFileType = sourcecode.c.c; path = cpSlideJoint.c; sourceTree = "<group>"; };
		A47727291413DBA5006A9887 /* chipmunk.c */ = {isa = PBXFileReference; fileEncoding = 4; lastKnownFileType = sourcecode.c.c; path = chipmunk.c; sourceTree = "<group>"; };
		A47727371413DBA5006A9887 /* cpArbiter.c */ = {isa = PBXFileReference; fileEncoding = 4; lastKnownFileType = sourcecode.c.c; path = cpArbiter.c; sourceTree = "<group>"; };
		A47727381413DBA5006A9887 /* cpArray.c */ = {isa = PBXFileReference; fileEncoding = 4; lastKnownFileType = sourcecode.c.c; path = cpArray.c; sourceTree = "<group>"; };
		A477273A1413DBA5006A9887 /* cpBBTree.c */ = {isa = PBXFileReference; fileEncoding = 4; lastKnownFileType = sourcecode.c.c; path = cpBBTree.c; sourceTree = "<group>"; };
		A477273B1413DBA5006A9887 /* cpBody.c */ = {isa = PBXFileReference; fileEncoding = 4; lastKnownFileType = sourcecode.c.c; path = cpBody.c; sourceTree = "<group>"; };
		A477273C1413DBA5006A9887 /* cpCollision.c */ = {isa = PBXFileReference; fileEncoding = 4; lastKnownFileType = sourcecode.c.c; path = cpCollision.c; sourceTree = "<group>"; };
		A477273D1413DBA5006A9887 /* cpHashSet.c */ = {isa = PBXFileReference; fileEncoding = 4; lastKnownFileType = sourcecode.c.c; path = cpHashSet.c; sourceTree = "<group>"; };
		A477273E1413DBA5006A9887 /* cpPolyShape.c */ = {isa = PBXFileReference; fileEncoding = 4; lastKnownFileType = sourcecode.c.c; path = cpPolyShape.c; sourceTree = "<group>"; };
		A477273F1413DBA5006A9887 /* cpShape.c */ = {isa = PBXFileReference; fileEncoding = 4; lastKnownFileType = sourcecode.c.c; path = cpShape.c; sourceTree = "<group>"; };
		A47727401413DBA5006A9887 /* cpSpace.c */ = {isa = PBXFileReference; fileEncoding = 4; lastKnownFileType = sourcecode.c.c; path = cpSpace.c; sourceTree = "<group>"; };
		A47727411413DBA5006A9887 /* cpSpaceComponent.c */ = {isa = PBXFileReference; fileEncoding = 4; lastKnownFileType = sourcecode.c.c; path = cpSpaceComponent.c; sourceTree = "<group>"; };
		A47727421413DBA5006A9887 /* cpSpaceHash.c */ = {isa = PBXFileReference; fileEncoding = 4; lastKnownFileType = sourcecode.c.c; path = cpSpaceHash.c; sourceTree = "<group>"; };
		A47727431413DBA5006A9887 /* cpSpaceQuery.c */ = {isa = PBXFileReference; fileEncoding = 4; lastKnownFileType = sourcecode.c.c; path = cpSpaceQuery.c; sourceTree = "<group>"; };
		A47727441413DBA5006A9887 /* cpSpaceStep.c */ = {isa = PBXFileReference; fileEncoding = 4; lastKnownFileType = sourcecode.c.c; path = cpSpaceStep.c; sourceTree = "<group>"; };
		A47727451413DBA5006A9887 /* cpSpatialIndex.c */ = {isa = PBXFileReference; fileEncoding = 4; lastKnownFileType = sourcecode.c.c; path = cpSpatialIndex.c; sourceTree = "<group>"; };
		A47727461413DBA5006A9887 /* cpSweep1D.c */ = {isa = PBXFileReference; fileEncoding = 4; lastKnownFileType = sourcecode.c.c; path = cpSweep1D.c; sourceTree = "<group>"; };
		A47727481413DBA5006A9887 /* prime.h */ = {isa = PBXFileReference; fileEncoding = 4; lastKnownFileType = sourcecode.c.h; path = prime.h; sourceTree = "<group>"; };
		D2AAC07E0554694100DB518D /* libchipmunk-OSX_d.a */ = {isa = PBXFileReference; explicitFileType = archive.ar; includeInIndex = 0; path = "libchipmunk-OSX_d.a"; sourceTree = BUILT_PRODUCTS_DIR; };
/* End PBXFileReference section */

/* Begin PBXFrameworksBuildPhase section */
		D2AAC07C0554694100DB518D /* Frameworks */ = {
			isa = PBXFrameworksBuildPhase;
			buildActionMask = 2147483647;
			files = (
			);
			runOnlyForDeploymentPostprocessing = 0;
		};
/* End PBXFrameworksBuildPhase section */

/* Begin PBXGroup section */
		034768DFFF38A50411DB9C8B /* Products */ = {
			isa = PBXGroup;
			children = (
				D2AAC07E0554694100DB518D /* libchipmunk-OSX_d.a */,
			);
			name = Products;
			sourceTree = "<group>";
		};
		0867D691FE84028FC02AAC07 /* chipmunk */ = {
			isa = PBXGroup;
			children = (
				A46B91D518440A2D00445329 /* include */,
				A47727281413DBA5006A9887 /* src */,
				0867D69AFE84028FC02AAC07 /* Frameworks */,
				034768DFFF38A50411DB9C8B /* Products */,
			);
			name = chipmunk;
			sourceTree = "<group>";
		};
		0867D69AFE84028FC02AAC07 /* Frameworks */ = {
			isa = PBXGroup;
			children = (
			);
			name = Frameworks;
			sourceTree = "<group>";
		};
		A46B91D518440A2D00445329 /* include */ = {
			isa = PBXGroup;
			children = (
				A46B91D618440A2D00445329 /* chipmunk */,
			);
			name = include;
			path = ../../chipmunk/include;
			sourceTree = "<group>";
		};
		A46B91D618440A2D00445329 /* chipmunk */ = {
			isa = PBXGroup;
			children = (
				A46B922118440D9800445329 /* constraints */,
				A46B91D718440A2D00445329 /* chipmunk.h */,
				A46B91D818440A2D00445329 /* chipmunk_ffi.h */,
				A46B91D918440A2D00445329 /* chipmunk_private.h */,
				A46B91DA18440A2D00445329 /* chipmunk_types.h */,
				A46B91DB18440A2D00445329 /* chipmunk_unsafe.h */,
				A46B91DC18440A2D00445329 /* cpArbiter.h */,
				A46B91DD18440A2D00445329 /* cpBB.h */,
				A46B91DE18440A2D00445329 /* cpBody.h */,
				A46B91E618440A2D00445329 /* cpPolyShape.h */,
				A46B91E918440A2D00445329 /* cpShape.h */,
				A46B91EC18440A2D00445329 /* cpSpace.h */,
				A46B91ED18440A2D00445329 /* cpSpatialIndex.h */,
				A46B91EF18440A2D00445329 /* cpVect.h */,
			);
			path = chipmunk;
			sourceTree = "<group>";
		};
		A46B922118440D9800445329 /* constraints */ = {
			isa = PBXGroup;
			children = (
				A46B922218440D9800445329 /* cpConstraint.h */,
				A46B922318440D9800445329 /* cpDampedRotarySpring.h */,
				A46B922418440D9800445329 /* cpDampedSpring.h */,
				A46B922518440D9800445329 /* cpGearJoint.h */,
				A46B922618440D9800445329 /* cpGrooveJoint.h */,
				A46B922718440D9800445329 /* cpPinJoint.h */,
				A46B922818440D9800445329 /* cpPivotJoint.h */,
				A46B922918440D9800445329 /* cpRatchetJoint.h */,
				A46B922A18440D9800445329 /* cpRotaryLimitJoint.h */,
				A46B922B18440D9800445329 /* cpSimpleMotor.h */,
				A46B922C18440D9800445329 /* cpSlideJoint.h */,
				A46B922D18440D9800445329 /* util.h */,
			);
			path = constraints;
			sourceTree = "<group>";
		};
		A47727281413DBA5006A9887 /* src */ = {
			isa = PBXGroup;
			children = (
				A47727291413DBA5006A9887 /* chipmunk.c */,
				A477272B1413DBA5006A9887 /* constraints */,
				A47727371413DBA5006A9887 /* cpArbiter.c */,
				A47727381413DBA5006A9887 /* cpArray.c */,
				A477273A1413DBA5006A9887 /* cpBBTree.c */,
				A477273B1413DBA5006A9887 /* cpBody.c */,
				A477273C1413DBA5006A9887 /* cpCollision.c */,
				A477273D1413DBA5006A9887 /* cpHashSet.c */,
				A477273E1413DBA5006A9887 /* cpPolyShape.c */,
				A477273F1413DBA5006A9887 /* cpShape.c */,
				A47727401413DBA5006A9887 /* cpSpace.c */,
				A47727411413DBA5006A9887 /* cpSpaceComponent.c */,
				A47727421413DBA5006A9887 /* cpSpaceHash.c */,
				A47727431413DBA5006A9887 /* cpSpaceQuery.c */,
				A47727441413DBA5006A9887 /* cpSpaceStep.c */,
				A47727451413DBA5006A9887 /* cpSpatialIndex.c */,
				A47727461413DBA5006A9887 /* cpSweep1D.c */,
				A47727481413DBA5006A9887 /* prime.h */,
			);
			name = src;
			path = ../../chipmunk/src;
			sourceTree = SOURCE_ROOT;
		};
		A477272B1413DBA5006A9887 /* constraints */ = {
			isa = PBXGroup;
			children = (
				A46B923A18440DA800445329 /* cpConstraint.c */,
				A46B923B18440DA800445329 /* cpDampedRotarySpring.c */,
				A46B923C18440DA800445329 /* cpDampedSpring.c */,
				A46B923D18440DA800445329 /* cpGearJoint.c */,
				A46B923E18440DA800445329 /* cpGrooveJoint.c */,
				A46B923F18440DA800445329 /* cpPinJoint.c */,
				A46B924018440DA800445329 /* cpPivotJoint.c */,
				A46B924118440DA800445329 /* cpRatchetJoint.c */,
				A46B924218440DA800445329 /* cpRotaryLimitJoint.c */,
				A46B924318440DA800445329 /* cpSimpleMotor.c */,
				A46B924418440DA800445329 /* cpSlideJoint.c */,
			);
			path = constraints;
			sourceTree = "<group>";
		};
/* End PBXGroup section */

/* Begin PBXHeadersBuildPhase section */
		D2AAC07A0554694100DB518D /* Headers */ = {
			isa = PBXHeadersBuildPhase;
			buildActionMask = 2147483647;
			files = (
				A46B923918440D9800445329 /* util.h in Headers */,
				A46B923618440D9800445329 /* cpRotaryLimitJoint.h in Headers */,
				A46B920818440A2D00445329 /* cpVect.h in Headers */,
				A46B91F618440A2D00445329 /* cpBB.h in Headers */,
				A46B923718440D9800445329 /* cpSimpleMotor.h in Headers */,
				A46B91F218440A2D00445329 /* chipmunk_private.h in Headers */,
				A46B91F518440A2D00445329 /* cpArbiter.h in Headers */,
				A46B91F318440A2D00445329 /* chipmunk_types.h in Headers */,
				A46B920518440A2D00445329 /* cpSpace.h in Headers */,
				A46B91FF18440A2D00445329 /* cpPolyShape.h in Headers */,
				A46B923218440D9800445329 /* cpGrooveJoint.h in Headers */,
				A46B923318440D9800445329 /* cpPinJoint.h in Headers */,
				A46B91F718440A2D00445329 /* cpBody.h in Headers */,
				A46B91F118440A2D00445329 /* chipmunk_ffi.h in Headers */,
				A46B922E18440D9800445329 /* cpConstraint.h in Headers */,
				A46B91F018440A2D00445329 /* chipmunk.h in Headers */,
				A46B91F418440A2D00445329 /* chipmunk_unsafe.h in Headers */,
				A46B920218440A2D00445329 /* cpShape.h in Headers */,
				A46B923118440D9800445329 /* cpGearJoint.h in Headers */,
				A477277F1413DBA5006A9887 /* prime.h in Headers */,
				A46B923818440D9800445329 /* cpSlideJoint.h in Headers */,
				A46B922F18440D9800445329 /* cpDampedRotarySpring.h in Headers */,
				A46B923518440D9800445329 /* cpRatchetJoint.h in Headers */,
				A46B920618440A2D00445329 /* cpSpatialIndex.h in Headers */,
				A46B923418440D9800445329 /* cpPivotJoint.h in Headers */,
				A46B923018440D9800445329 /* cpDampedSpring.h in Headers */,
			);
			runOnlyForDeploymentPostprocessing = 0;
		};
/* End PBXHeadersBuildPhase section */

/* Begin PBXNativeTarget section */
		D2AAC07D0554694100DB518D /* chipmunk */ = {
			isa = PBXNativeTarget;
			buildConfigurationList = 1DEB921E08733DC00010E9CD /* Build configuration list for PBXNativeTarget "chipmunk" */;
			buildPhases = (
				D2AAC07A0554694100DB518D /* Headers */,
				D2AAC07B0554694100DB518D /* Sources */,
				D2AAC07C0554694100DB518D /* Frameworks */,
			);
			buildRules = (
			);
			dependencies = (
			);
			name = chipmunk;
			productName = chipmunk;
			productReference = D2AAC07E0554694100DB518D /* libchipmunk-OSX_d.a */;
			productType = "com.apple.product-type.library.static";
		};
/* End PBXNativeTarget section */

/* Begin PBXProject section */
		0867D690FE84028FC02AAC07 /* Project object */ = {
			isa = PBXProject;
			attributes = {
				LastUpgradeCheck = 0430;
			};
			buildConfigurationList = 1DEB922208733DC00010E9CD /* Build configuration list for PBXProject "chipmunk" */;
			compatibilityVersion = "Xcode 3.2";
			developmentRegion = English;
			hasScannedForEncodings = 1;
			knownRegions = (
				English,
				Japanese,
				French,
				German,
			);
			mainGroup = 0867D691FE84028FC02AAC07 /* chipmunk */;
			productRefGroup = 034768DFFF38A50411DB9C8B /* Products */;
			projectDirPath = "";
			projectRoot = "";
			targets = (
				D2AAC07D0554694100DB518D /* chipmunk */,
			);
		};
/* End PBXProject section */

/* Begin PBXSourcesBuildPhase section */
		D2AAC07B0554694100DB518D /* Sources */ = {
			isa = PBXSourcesBuildPhase;
			buildActionMask = 2147483647;
			files = (
				A47727621413DBA5006A9887 /* chipmunk.c in Sources */,
				A46B924D18440DA800445329 /* cpRotaryLimitJoint.c in Sources */,
				A477276E1413DBA5006A9887 /* cpArbiter.c in Sources */,
				A477276F1413DBA5006A9887 /* cpArray.c in Sources */,
				A46B924918440DA800445329 /* cpGrooveJoint.c in Sources */,
				A47727711413DBA5006A9887 /* cpBBTree.c in Sources */,
				A46B924518440DA800445329 /* cpConstraint.c in Sources */,
				A47727721413DBA5006A9887 /* cpBody.c in Sources */,
				A47727731413DBA5006A9887 /* cpCollision.c in Sources */,
				A47727741413DBA5006A9887 /* cpHashSet.c in Sources */,
				A46B924818440DA800445329 /* cpGearJoint.c in Sources */,
				A47727751413DBA5006A9887 /* cpPolyShape.c in Sources */,
				A47727761413DBA5006A9887 /* cpShape.c in Sources */,
				A47727771413DBA5006A9887 /* cpSpace.c in Sources */,
				A46B924B18440DA800445329 /* cpPivotJoint.c in Sources */,
				A47727781413DBA5006A9887 /* cpSpaceComponent.c in Sources */,
				A47727791413DBA5006A9887 /* cpSpaceHash.c in Sources */,
				A477277A1413DBA5006A9887 /* cpSpaceQuery.c in Sources */,
				A46B924E18440DA800445329 /* cpSimpleMotor.c in Sources */,
				A477277B1413DBA5006A9887 /* cpSpaceStep.c in Sources */,
				A46B924718440DA800445329 /* cpDampedSpring.c in Sources */,
				A46B924C18440DA800445329 /* cpRatchetJoint.c in Sources */,
				A46B924F18440DA800445329 /* cpSlideJoint.c in Sources */,
				A477277C1413DBA5006A9887 /* cpSpatialIndex.c in Sources */,
				A46B924A18440DA800445329 /* cpPinJoint.c in Sources */,
				A477277D1413DBA5006A9887 /* cpSweep1D.c in Sources */,
				A46B924618440DA800445329 /* cpDampedRotarySpring.c in Sources */,
			);
			runOnlyForDeploymentPostprocessing = 0;
		};
/* End PBXSourcesBuildPhase section */

/* Begin XCBuildConfiguration section */
		1DEB921F08733DC00010E9CD /* Debug */ = {
			isa = XCBuildConfiguration;
			buildSettings = {
				PRODUCT_NAME = "chipmunk-OSX_d";
				USER_HEADER_SEARCH_PATHS = "";
			};
			name = Debug;
		};
		1DEB922008733DC00010E9CD /* Release */ = {
			isa = XCBuildConfiguration;
			buildSettings = {
				PRODUCT_NAME = "chipmunk-OSX";
				USER_HEADER_SEARCH_PATHS = "";
			};
			name = Release;
		};
		1DEB922308733DC00010E9CD /* Debug */ = {
			isa = XCBuildConfiguration;
			buildSettings = {
				ARCHS = "$(ARCHS_STANDARD_32_64_BIT)";
				CONFIGURATION_BUILD_DIR = "$(BUILD_DIR)";
				COPY_PHASE_STRIP = NO;
				GCC_C_LANGUAGE_STANDARD = c99;
				GCC_OPTIMIZATION_LEVEL = 0;
				GCC_PREPROCESSOR_DEFINITIONS = (
					"CP_USE_CGTYPES=0",
					"CP_USE_CGPOINTS=0",
				);
				GCC_SYMBOLS_PRIVATE_EXTERN = YES;
				GCC_WARN_ABOUT_RETURN_TYPE = YES;
				GCC_WARN_UNUSED_VARIABLE = YES;
				HEADER_SEARCH_PATHS = ../../chipmunk/include/chipmunk;
				MACOSX_DEPLOYMENT_TARGET = 10.5;
				OBJROOT = "build-chipmunk";
				SDKROOT = macosx;
				SYMROOT = ../../lib;
			};
			name = Debug;
		};
		1DEB922408733DC00010E9CD /* Release */ = {
			isa = XCBuildConfiguration;
			buildSettings = {
				ARCHS = "$(ARCHS_STANDARD_32_64_BIT)";
				CONFIGURATION_BUILD_DIR = "$(BUILD_DIR)";
				GCC_C_LANGUAGE_STANDARD = c99;
				GCC_PREPROCESSOR_DEFINITIONS = (
					"CP_USE_CGTYPES=0",
					"CP_USE_CGPOINTS=0",
				);
				GCC_SYMBOLS_PRIVATE_EXTERN = YES;
				GCC_WARN_ABOUT_RETURN_TYPE = YES;
				GCC_WARN_UNUSED_VARIABLE = YES;
				HEADER_SEARCH_PATHS = ../../chipmunk/include/chipmunk;
				MACOSX_DEPLOYMENT_TARGET = 10.5;
				OBJROOT = "build-chipmunk";
				SDKROOT = macosx;
				SYMROOT = ../../lib;
			};
			name = Release;
		};
/* End XCBuildConfiguration section */

/* Begin XCConfigurationList section */
		1DEB921E08733DC00010E9CD /* Build configuration list for PBXNativeTarget "chipmunk" */ = {
			isa = XCConfigurationList;
			buildConfigurations = (
				1DEB921F08733DC00010E9CD /* Debug */,
				1DEB922008733DC00010E9CD /* Release */,
			);
			defaultConfigurationIsVisible = 0;
			defaultConfigurationName = Release;
		};
		1DEB922208733DC00010E9CD /* Build configuration list for PBXProject "chipmunk" */ = {
			isa = XCConfigurationList;
			buildConfigurations = (
				1DEB922308733DC00010E9CD /* Debug */,
				1DEB922408733DC00010E9CD /* Release */,
			);
			defaultConfigurationIsVisible = 0;
			defaultConfigurationName = Release;
		};
/* End XCConfigurationList section */
	};
	rootObject = 0867D690FE84028FC02AAC07 /* Project object */;
}
